<?xml version="1.0" encoding="utf-8"?>
<Project ToolsVersion="12.0" xmlns="http://schemas.microsoft.com/developer/msbuild/2003">
  <ItemGroup>
    <ClInclude Include="$(MSBuildThisFileDirectory)AutoComMem.h" />
    <ClInclude Include="$(MSBuildThisFileDirectory)AutoPropVar.h" />
    <ClInclude Include="$(MSBuildThisFileDirectory)AutoStrConv.h" />
    <ClInclude Include="$(MSBuildThisFileDirectory)AutoWinHandle.h" />
    <ClInclude Include="$(MSBuildThisFileDirectory)CritSec.h" />
    <ClInclude Include="$(MSBuildThisFileDirectory)MFAsyncCalback.h" />
    <ClInclude Include="$(MSBuildThisFileDirectory)MFAutoBufLock.h" />
    <ClInclude Include="$(MSBuildThisFileDirectory)MFComList.h" />
    <ClInclude Include="$(MSBuildThisFileDirectory)MFCommon.h" />
    <ClInclude Include="$(MSBuildThisFileDirectory)MFComQueue.h" />
    <ClInclude Include="$(MSBuildThisFileDirectory)MFGenericList.h" />
    <ClInclude Include="$(MSBuildThisFileDirectory)MFGenericQueue.h" />
    <ClInclude Include="$(MSBuildThisFileDirectory)MFMiscHelp.h" />
    <ClInclude Include="$(MSBuildThisFileDirectory)MFMiscHelp2.h" />
    <ClInclude Include="$(MSBuildThisFileDirectory)MFWorkQueue.h" />
    <ClInclude Include="$(MSBuildThisFileDirectory)MFWorkQueueOld.h" />
    <ClInclude Include="$(MSBuildThisFileDirectory)Win32Event.h" />
    <ClInclude Include="$(MSBuildThisFileDirectory)Win32MacroTools.h" />
  </ItemGroup>
  <ItemGroup>
    <ClCompile Include="$(MSBuildThisFileDirectory)MFComList.cpp" />
    <ClCompile Include="$(MSBuildThisFileDirectory)MFComQueue.cpp" />
    <ClCompile Include="$(MSBuildThisFileDirectory)MFMiscHelp.cpp" />
    <ClCompile Include="$(MSBuildThisFileDirectory)MFMiscHelp2.cpp" />
  </ItemGroup>
</Project>