
Microsoft Visual Studio Solution File, Format Version 12.00
# Visual Studio Version 16
VisualStudioVersion = 16.0.30104.148
MinimumVisualStudioVersion = 10.0.40219.1
Project("{8BC9CEB8-8B4A-11D0-8D11-00A0C91BC942}") = "SYEngineDesktop", "Demo\SYEngineDesktop\SYEngineDesktop.vcxproj", "{9B751D95-0F4D-4F80-83B1-494AF2D68C36}"
EndProject
Project("{2150E333-8FDC-42A3-9474-1A3956D46DE8}") = "Demo", "Demo", "{F8AC52D1-E5E8-440C-A0F2-B2612988F8A9}"
EndProject
Project("{2150E333-8FDC-42A3-9474-1A3956D46DE8}") = "CoreCommon", "CoreCommon", "{0600FC55-B804-4376-A6AE-2227E2F8D4C1}"
EndProject
Project("{8BC9CEB8-8B4A-11D0-8D11-00A0C91BC942}") = "CoreCommon.Shared", "CoreCommon\CoreCommon.Shared\CoreCommon.Shared.vcxitems", "{F1079A95-C042-429F-AD7B-97A91EC8BE65}"
EndProject
Project("{2150E333-8FDC-42A3-9474-1A3956D46DE8}") = "CoreMFSource", "CoreMFSource", "{E06CE943-2079-42A6-ACB0-6DA84138033D}"
EndProject
Project("{8BC9CEB8-8B4A-11D0-8D11-00A0C91BC942}") = "CoreMFSource.Shared", "CoreMFSource\CoreMFSource.Shared\CoreMFSource.Shared.vcxitems", "{5B969656-EA9B-4479-9DCC-4B47BAB474A1}"
EndProject
Project("{2150E333-8FDC-42A3-9474-1A3956D46DE8}") = "TransformFilter", "TransformFilter", "{F9A7B95E-545D-4BE2-8605-7A7D254EFA16}"
EndProject
Project("{8BC9CEB8-8B4A-11D0-8D11-00A0C91BC942}") = "TransformFilter.Shared", "TransformFilter\TransformFilter.Shared\TransformFilter.Shared.vcxitems", "{08D15C5A-38FE-42BC-BE6C-4AFEEB347B7E}"
EndProject
Project("{2150E333-8FDC-42A3-9474-1A3956D46DE8}") = "ffcodecs", "ffcodecs", "{E0205808-386B-4E6E-9929-60183ACFAE87}"
EndProject
Project("{8BC9CEB8-8B4A-11D0-8D11-00A0C91BC942}") = "ffcodecs.Shared", "ffcodecs\ffcodecs.Shared\ffcodecs.Shared.vcxitems", "{7E0215A1-1E2D-414F-A8E9-CA3C7118A192}"
EndProject
Project("{2150E333-8FDC-42A3-9474-1A3956D46DE8}") = "MultipartStreamMatroska", "MultipartStreamMatroska", "{DC0F91E4-90EA-45E3-8EEC-08D37215941C}"
EndProject
Project("{8BC9CEB8-8B4A-11D0-8D11-00A0C91BC942}") = "MultipartStreamMatroska.Shared", "MultipartStreamMatroska\MultipartStreamMatroska.Shared\MultipartStreamMatroska.Shared.vcxitems", "{5589AEDB-6143-4B48-A7A3-1DD0C73E5723}"
EndProject
Project("{2150E333-8FDC-42A3-9474-1A3956D46DE8}") = "SYEngine", "SYEngine", "{033D937C-4A8C-4EB9-8E7F-70F33E1D7A73}"
EndProject
Project("{2150E333-8FDC-42A3-9474-1A3956D46DE8}") = "WinhttpWrapper", "WinhttpWrapper", "{6AFF07B3-47F4-4202-95CE-EDC981DB3DA9}"
EndProject
Project("{8BC9CEB8-8B4A-11D0-8D11-00A0C91BC942}") = "WinhttpWrapper.Shared", "WinhttpWrapper\WinhttpWrapper.Shared\WinhttpWrapper.Shared.vcxitems", "{17FA6670-7FEB-4ABF-A408-ABA3C7BD604D}"
EndProject
Project("{2150E333-8FDC-42A3-9474-1A3956D46DE8}") = "CoreDemuxers", "CoreDemuxers", "{CA6A1153-0F10-41D7-B18F-942A59E00505}"
EndProject
Project("{8BC9CEB8-8B4A-11D0-8D11-00A0C91BC942}") = "CoreDemuxers.Shared", "CoreDemuxers\CoreDemuxers.Shared\CoreDemuxers.Shared.vcxitems", "{B23E3639-D675-49B2-85B1-FAE680012B71}"
EndProject
Project("{8BC9CEB8-8B4A-11D0-8D11-00A0C91BC942}") = "CoreCommon.Desktop", "CoreCommon\CoreCommon.Desktop\CoreCommon.Desktop.vcxproj", "{2D83279C-3BB2-43EC-8503-8E62FB1F3A99}"
EndProject
Project("{8BC9CEB8-8B4A-11D0-8D11-00A0C91BC942}") = "CoreDemuxers.Desktop", "CoreDemuxers\CoreDemuxers.Desktop\CoreDemuxers.Desktop.vcxproj", "{B7708226-C65A-442A-B937-2FC31A923B5A}"
EndProject
Project("{8BC9CEB8-8B4A-11D0-8D11-00A0C91BC942}") = "CoreMFSource.Desktop", "CoreMFSource\CoreMFSource.Desktop\CoreMFSource.Desktop.vcxproj", "{891804B9-2F50-4A9A-B8B0-F2AF397D4AE8}"
EndProject
Project("{8BC9CEB8-8B4A-11D0-8D11-00A0C91BC942}") = "ffcodecs.Desktop", "ffcodecs\ffcodecs.Desktop\ffcodecs.Desktop.vcxproj", "{67810348-F9AF-45F1-892A-945299564494}"
EndProject
Project("{8BC9CEB8-8B4A-11D0-8D11-00A0C91BC942}") = "MultipartStreamMatroska.Desktop", "MultipartStreamMatroska\MultipartStreamMatroska.Desktop\MultipartStreamMatroska.Desktop.vcxproj", "{B39BE607-B19B-4D04-BF3E-E08AFF32F6A7}"
EndProject
Project("{8BC9CEB8-8B4A-11D0-8D11-00A0C91BC942}") = "TransformFilter.Desktop", "TransformFilter\TransformFilter.Desktop\TransformFilter.Desktop.vcxproj", "{D9EF1AB9-19B0-4FBC-907A-7A6D3920A638}"
EndProject
Project("{2150E333-8FDC-42A3-9474-1A3956D46DE8}") = "RtmpStream", "RtmpStream", "{C6A07B94-50ED-4F69-BF98-8BC47EE64B87}"
EndProject
Project("{8BC9CEB8-8B4A-11D0-8D11-00A0C91BC942}") = "RtmpStream.Shared", "RtmpStream\RtmpStream.Shared\RtmpStream.Shared.vcxitems", "{D6799258-5A11-44D2-96A4-A7CA0E03F5BF}"
EndProject
Project("{8BC9CEB8-8B4A-11D0-8D11-00A0C91BC942}") = "RtmpStream.Desktop", "RtmpStream\RtmpStream.Desktop\RtmpStream.Desktop.vcxproj", "{DF0BFDAA-EFCB-4B50-BA10-6F1C38003CF1}"
EndProject
Project("{8BC9CEB8-8B4A-11D0-8D11-00A0C91BC942}") = "CoreCommon.UWP", "CoreCommon\CoreCommon.UWP\CoreCommon.UWP.vcxproj", "{175EF67B-B5C4-4D04-944A-C524D4A0EBE6}"
EndProject
Project("{8BC9CEB8-8B4A-11D0-8D11-00A0C91BC942}") = "CoreDemuxers.UWP", "CoreDemuxers\CoreDemuxers.UWP\CoreDemuxers.UWP.vcxproj", "{D44E89C0-AB54-4F2F-B3CC-5978CBF1ECE9}"
EndProject
Project("{8BC9CEB8-8B4A-11D0-8D11-00A0C91BC942}") = "ffcodecs.UWP", "ffcodecs\ffcodecs.UWP\ffcodecs.UWP.vcxproj", "{E4651240-7B85-4AC8-97E4-D59D469D691F}"
EndProject
Project("{8BC9CEB8-8B4A-11D0-8D11-00A0C91BC942}") = "TransformFilter.UWP", "TransformFilter\TransformFilter.UWP\TransformFilter.UWP.vcxproj", "{F253DC31-BF93-4340-88ED-53A39DC5FF81}"
EndProject
Project("{8BC9CEB8-8B4A-11D0-8D11-00A0C91BC942}") = "CoreMFSource.UWP", "CoreMFSource\CoreMFSource.UWP\CoreMFSource.UWP.vcxproj", "{85D390A9-2C6A-4E78-A180-584AB5110971}"
EndProject
Project("{8BC9CEB8-8B4A-11D0-8D11-00A0C91BC942}") = "WinHttpWrapper.UWP", "WinhttpWrapper\WinHttpWrapper.UWP\WinHttpWrapper.UWP.vcxproj", "{401785DA-9BCE-4D3D-8BF7-592DD1D6DA46}"
EndProject
Project("{8BC9CEB8-8B4A-11D0-8D11-00A0C91BC942}") = "MultipartStreamMatroska.UWP", "MultipartStreamMatroska\MultipartStreamMatroska.UWP\MultipartStreamMatroska.UWP.vcxproj", "{2D43632E-405D-4588-9A9E-692605C06034}"
EndProject
Project("{8BC9CEB8-8B4A-11D0-8D11-00A0C91BC942}") = "RtmpStream.UWP", "RtmpStream\RtmpStream.UWP\RtmpStream.UWP.vcxproj", "{1CE98421-C4B6-4707-929C-89016B21E03F}"
EndProject
Project("{8BC9CEB8-8B4A-11D0-8D11-00A0C91BC942}") = "SYEngine.UWP", "SYEngine\SYEngine.UWP\SYEngine.UWP.vcxproj", "{7DF5830F-75B6-467E-8254-C0C4AE34EE7E}"
EndProject
Project("{FAE04EC0-301F-11D3-BF4B-00C04F79EFBC}") = "SYEngineUWP", "Demo\SYEngineUWP\SYEngineUWP.csproj", "{711B6436-12E4-4A75-8602-E7D6EEC8EB64}"
EndProject
Global
	GlobalSection(SharedMSBuildProjectFiles) = preSolution
		TransformFilter\TransformFilter.Shared\TransformFilter.Shared.vcxitems*{08d15c5a-38fe-42bc-be6c-4afeeb347b7e}*SharedItemsImports = 9
		CoreCommon\CoreCommon.Shared\CoreCommon.Shared.vcxitems*{175ef67b-b5c4-4d04-944a-c524d4a0ebe6}*SharedItemsImports = 4
		WinhttpWrapper\WinhttpWrapper.Shared\WinhttpWrapper.Shared.vcxitems*{17fa6670-7feb-4abf-a408-aba3c7bd604d}*SharedItemsImports = 9
		RtmpStream\RtmpStream.Shared\RtmpStream.Shared.vcxitems*{1ce98421-c4b6-4707-929c-89016b21e03f}*SharedItemsImports = 4
		MultipartStreamMatroska\MultipartStreamMatroska.Shared\MultipartStreamMatroska.Shared.vcxitems*{2d43632e-405d-4588-9a9e-692605c06034}*SharedItemsImports = 4
		CoreCommon\CoreCommon.Shared\CoreCommon.Shared.vcxitems*{2d83279c-3bb2-43ec-8503-8e62fb1f3a99}*SharedItemsImports = 4
		WinhttpWrapper\WinhttpWrapper.Shared\WinhttpWrapper.Shared.vcxitems*{401785da-9bce-4d3d-8bf7-592dd1d6da46}*SharedItemsImports = 4
		MultipartStreamMatroska\MultipartStreamMatroska.Shared\MultipartStreamMatroska.Shared.vcxitems*{5589aedb-6143-4b48-a7a3-1dd0c73e5723}*SharedItemsImports = 9
		CoreMFSource\CoreMFSource.Shared\CoreMFSource.Shared.vcxitems*{5b969656-ea9b-4479-9dcc-4b47bab474a1}*SharedItemsImports = 9
		ffcodecs\ffcodecs.Shared\ffcodecs.Shared.vcxitems*{67810348-f9af-45f1-892a-945299564494}*SharedItemsImports = 4
		ffcodecs\ffcodecs.Shared\ffcodecs.Shared.vcxitems*{7e0215a1-1e2d-414f-a8e9-ca3c7118a192}*SharedItemsImports = 9
		CoreMFSource\CoreMFSource.Shared\CoreMFSource.Shared.vcxitems*{85d390a9-2c6a-4e78-a180-584ab5110971}*SharedItemsImports = 4
		CoreMFSource\CoreMFSource.Shared\CoreMFSource.Shared.vcxitems*{891804b9-2f50-4a9a-b8b0-f2af397d4ae8}*SharedItemsImports = 4
		CoreDemuxers\CoreDemuxers.Shared\CoreDemuxers.Shared.vcxitems*{b23e3639-d675-49b2-85b1-fae680012b71}*SharedItemsImports = 9
		MultipartStreamMatroska\MultipartStreamMatroska.Shared\MultipartStreamMatroska.Shared.vcxitems*{b39be607-b19b-4d04-bf3e-e08aff32f6a7}*SharedItemsImports = 4
		CoreDemuxers\CoreDemuxers.Shared\CoreDemuxers.Shared.vcxitems*{b7708226-c65a-442a-b937-2fc31a923b5a}*SharedItemsImports = 4
		CoreDemuxers\CoreDemuxers.Shared\CoreDemuxers.Shared.vcxitems*{d44e89c0-ab54-4f2f-b3cc-5978cbf1ece9}*SharedItemsImports = 4
		RtmpStream\RtmpStream.Shared\RtmpStream.Shared.vcxitems*{d6799258-5a11-44d2-96a4-a7ca0e03f5bf}*SharedItemsImports = 9
		TransformFilter\TransformFilter.Shared\TransformFilter.Shared.vcxitems*{d9ef1ab9-19b0-4fbc-907a-7a6d3920a638}*SharedItemsImports = 4
		RtmpStream\RtmpStream.Shared\RtmpStream.Shared.vcxitems*{df0bfdaa-efcb-4b50-ba10-6f1c38003cf1}*SharedItemsImports = 4
		ffcodecs\ffcodecs.Shared\ffcodecs.Shared.vcxitems*{e4651240-7b85-4ac8-97e4-d59d469d691f}*SharedItemsImports = 4
		CoreCommon\CoreCommon.Shared\CoreCommon.Shared.vcxitems*{f1079a95-c042-429f-ad7b-97a91ec8be65}*SharedItemsImports = 9
		TransformFilter\TransformFilter.Shared\TransformFilter.Shared.vcxitems*{f253dc31-bf93-4340-88ed-53a39dc5ff81}*SharedItemsImports = 4
	EndGlobalSection
	GlobalSection(SolutionConfigurationPlatforms) = preSolution
		Debug|ARM = Debug|ARM
		Debug|ARM64 = Debug|ARM64
		Debug|x64 = Debug|x64
		Debug|x86 = Debug|x86
		Release|ARM = Release|ARM
		Release|ARM64 = Release|ARM64
		Release|x64 = Release|x64
		Release|x86 = Release|x86
	EndGlobalSection
	GlobalSection(ProjectConfigurationPlatforms) = postSolution
		{9B751D95-0F4D-4F80-83B1-494AF2D68C36}.Debug|ARM.ActiveCfg = Debug|Win32
		{9B751D95-0F4D-4F80-83B1-494AF2D68C36}.Debug|ARM64.ActiveCfg = Debug|Win32
		{9B751D95-0F4D-4F80-83B1-494AF2D68C36}.Debug|x64.ActiveCfg = Debug|Win32
		{9B751D95-0F4D-4F80-83B1-494AF2D68C36}.Debug|x86.ActiveCfg = Debug|Win32
		{9B751D95-0F4D-4F80-83B1-494AF2D68C36}.Debug|x86.Build.0 = Debug|Win32
		{9B751D95-0F4D-4F80-83B1-494AF2D68C36}.Release|ARM.ActiveCfg = Release|Win32
		{9B751D95-0F4D-4F80-83B1-494AF2D68C36}.Release|ARM64.ActiveCfg = Release|Win32
		{9B751D95-0F4D-4F80-83B1-494AF2D68C36}.Release|x64.ActiveCfg = Release|Win32
		{9B751D95-0F4D-4F80-83B1-494AF2D68C36}.Release|x86.ActiveCfg = Release|Win32
		{9B751D95-0F4D-4F80-83B1-494AF2D68C36}.Release|x86.Build.0 = Release|Win32
		{2D83279C-3BB2-43EC-8503-8E62FB1F3A99}.Debug|ARM.ActiveCfg = Debug|Win32
		{2D83279C-3BB2-43EC-8503-8E62FB1F3A99}.Debug|ARM64.ActiveCfg = Debug|Win32
		{2D83279C-3BB2-43EC-8503-8E62FB1F3A99}.Debug|x64.ActiveCfg = Debug|Win32
		{2D83279C-3BB2-43EC-8503-8E62FB1F3A99}.Debug|x86.ActiveCfg = Debug|Win32
		{2D83279C-3BB2-43EC-8503-8E62FB1F3A99}.Debug|x86.Build.0 = Debug|Win32
		{2D83279C-3BB2-43EC-8503-8E62FB1F3A99}.Release|ARM.ActiveCfg = Release|Win32
		{2D83279C-3BB2-43EC-8503-8E62FB1F3A99}.Release|ARM64.ActiveCfg = Release|Win32
		{2D83279C-3BB2-43EC-8503-8E62FB1F3A99}.Release|x64.ActiveCfg = Release|Win32
		{2D83279C-3BB2-43EC-8503-8E62FB1F3A99}.Release|x86.ActiveCfg = Release|Win32
		{2D83279C-3BB2-43EC-8503-8E62FB1F3A99}.Release|x86.Build.0 = Release|Win32
		{B7708226-C65A-442A-B937-2FC31A923B5A}.Debug|ARM.ActiveCfg = Debug|Win32
		{B7708226-C65A-442A-B937-2FC31A923B5A}.Debug|ARM64.ActiveCfg = Debug|Win32
		{B7708226-C65A-442A-B937-2FC31A923B5A}.Debug|x64.ActiveCfg = Debug|Win32
		{B7708226-C65A-442A-B937-2FC31A923B5A}.Debug|x86.ActiveCfg = Debug|Win32
		{B7708226-C65A-442A-B937-2FC31A923B5A}.Debug|x86.Build.0 = Debug|Win32
		{B7708226-C65A-442A-B937-2FC31A923B5A}.Release|ARM.ActiveCfg = Release|Win32
		{B7708226-C65A-442A-B937-2FC31A923B5A}.Release|ARM64.ActiveCfg = Release|Win32
		{B7708226-C65A-442A-B937-2FC31A923B5A}.Release|x64.ActiveCfg = Release|Win32
		{B7708226-C65A-442A-B937-2FC31A923B5A}.Release|x86.ActiveCfg = Release|Win32
		{B7708226-C65A-442A-B937-2FC31A923B5A}.Release|x86.Build.0 = Release|Win32
		{891804B9-2F50-4A9A-B8B0-F2AF397D4AE8}.Debug|ARM.ActiveCfg = Debug|Win32
		{891804B9-2F50-4A9A-B8B0-F2AF397D4AE8}.Debug|ARM64.ActiveCfg = Debug|Win32
		{891804B9-2F50-4A9A-B8B0-F2AF397D4AE8}.Debug|x64.ActiveCfg = Debug|Win32
		{891804B9-2F50-4A9A-B8B0-F2AF397D4AE8}.Debug|x86.ActiveCfg = Debug|Win32
		{891804B9-2F50-4A9A-B8B0-F2AF397D4AE8}.Debug|x86.Build.0 = Debug|Win32
		{891804B9-2F50-4A9A-B8B0-F2AF397D4AE8}.Release|ARM.ActiveCfg = Release|Win32
		{891804B9-2F50-4A9A-B8B0-F2AF397D4AE8}.Release|ARM64.ActiveCfg = Release|Win32
		{891804B9-2F50-4A9A-B8B0-F2AF397D4AE8}.Release|x64.ActiveCfg = Release|Win32
		{891804B9-2F50-4A9A-B8B0-F2AF397D4AE8}.Release|x86.ActiveCfg = Release|Win32
		{891804B9-2F50-4A9A-B8B0-F2AF397D4AE8}.Release|x86.Build.0 = Release|Win32
		{67810348-F9AF-45F1-892A-945299564494}.Debug|ARM.ActiveCfg = Debug|Win32
		{67810348-F9AF-45F1-892A-945299564494}.Debug|ARM64.ActiveCfg = Debug|Win32
		{67810348-F9AF-45F1-892A-945299564494}.Debug|x64.ActiveCfg = Debug|Win32
		{67810348-F9AF-45F1-892A-945299564494}.Debug|x86.ActiveCfg = Debug|Win32
		{67810348-F9AF-45F1-892A-945299564494}.Debug|x86.Build.0 = Debug|Win32
		{67810348-F9AF-45F1-892A-945299564494}.Release|ARM.ActiveCfg = Release|Win32
		{67810348-F9AF-45F1-892A-945299564494}.Release|ARM64.ActiveCfg = Release|Win32
		{67810348-F9AF-45F1-892A-945299564494}.Release|x64.ActiveCfg = Release|Win32
		{67810348-F9AF-45F1-892A-945299564494}.Release|x86.ActiveCfg = Release|Win32
		{67810348-F9AF-45F1-892A-945299564494}.Release|x86.Build.0 = Release|Win32
		{B39BE607-B19B-4D04-BF3E-E08AFF32F6A7}.Debug|ARM.ActiveCfg = Debug|Win32
		{B39BE607-B19B-4D04-BF3E-E08AFF32F6A7}.Debug|ARM64.ActiveCfg = Debug|Win32
		{B39BE607-B19B-4D04-BF3E-E08AFF32F6A7}.Debug|x64.ActiveCfg = Debug|Win32
		{B39BE607-B19B-4D04-BF3E-E08AFF32F6A7}.Debug|x86.ActiveCfg = Debug|Win32
		{B39BE607-B19B-4D04-BF3E-E08AFF32F6A7}.Debug|x86.Build.0 = Debug|Win32
		{B39BE607-B19B-4D04-BF3E-E08AFF32F6A7}.Release|ARM.ActiveCfg = Release|Win32
		{B39BE607-B19B-4D04-BF3E-E08AFF32F6A7}.Release|ARM64.ActiveCfg = Release|Win32
		{B39BE607-B19B-4D04-BF3E-E08AFF32F6A7}.Release|x64.ActiveCfg = Release|Win32
		{B39BE607-B19B-4D04-BF3E-E08AFF32F6A7}.Release|x86.ActiveCfg = Release|Win32
		{B39BE607-B19B-4D04-BF3E-E08AFF32F6A7}.Release|x86.Build.0 = Release|Win32
		{D9EF1AB9-19B0-4FBC-907A-7A6D3920A638}.Debug|ARM.ActiveCfg = Debug|Win32
		{D9EF1AB9-19B0-4FBC-907A-7A6D3920A638}.Debug|ARM64.ActiveCfg = Debug|Win32
		{D9EF1AB9-19B0-4FBC-907A-7A6D3920A638}.Debug|x64.ActiveCfg = Debug|Win32
		{D9EF1AB9-19B0-4FBC-907A-7A6D3920A638}.Debug|x86.ActiveCfg = Debug|Win32
		{D9EF1AB9-19B0-4FBC-907A-7A6D3920A638}.Debug|x86.Build.0 = Debug|Win32
		{D9EF1AB9-19B0-4FBC-907A-7A6D3920A638}.Release|ARM.ActiveCfg = Release|Win32
		{D9EF1AB9-19B0-4FBC-907A-7A6D3920A638}.Release|ARM64.ActiveCfg = Release|Win32
		{D9EF1AB9-19B0-4FBC-907A-7A6D3920A638}.Release|x64.ActiveCfg = Release|Win32
		{D9EF1AB9-19B0-4FBC-907A-7A6D3920A638}.Release|x86.ActiveCfg = Release|Win32
		{D9EF1AB9-19B0-4FBC-907A-7A6D3920A638}.Release|x86.Build.0 = Release|Win32
		{DF0BFDAA-EFCB-4B50-BA10-6F1C38003CF1}.Debug|ARM.ActiveCfg = Debug|Win32
		{DF0BFDAA-EFCB-4B50-BA10-6F1C38003CF1}.Debug|ARM64.ActiveCfg = Debug|Win32
		{DF0BFDAA-EFCB-4B50-BA10-6F1C38003CF1}.Debug|x64.ActiveCfg = Debug|Win32
		{DF0BFDAA-EFCB-4B50-BA10-6F1C38003CF1}.Debug|x86.ActiveCfg = Debug|Win32
		{DF0BFDAA-EFCB-4B50-BA10-6F1C38003CF1}.Debug|x86.Build.0 = Debug|Win32
		{DF0BFDAA-EFCB-4B50-BA10-6F1C38003CF1}.Release|ARM.ActiveCfg = Release|Win32
		{DF0BFDAA-EFCB-4B50-BA10-6F1C38003CF1}.Release|ARM64.ActiveCfg = Release|Win32
		{DF0BFDAA-EFCB-4B50-BA10-6F1C38003CF1}.Release|x64.ActiveCfg = Release|Win32
		{DF0BFDAA-EFCB-4B50-BA10-6F1C38003CF1}.Release|x86.ActiveCfg = Release|Win32
		{DF0BFDAA-EFCB-4B50-BA10-6F1C38003CF1}.Release|x86.Build.0 = Release|Win32
		{175EF67B-B5C4-4D04-944A-C524D4A0EBE6}.Debug|ARM.ActiveCfg = Debug|ARM
		{175EF67B-B5C4-4D04-944A-C524D4A0EBE6}.Debug|ARM.Build.0 = Debug|ARM
		{175EF67B-B5C4-4D04-944A-C524D4A0EBE6}.Debug|ARM64.ActiveCfg = Debug|Win32
		{175EF67B-B5C4-4D04-944A-C524D4A0EBE6}.Debug|x64.ActiveCfg = Debug|x64
		{175EF67B-B5C4-4D04-944A-C524D4A0EBE6}.Debug|x64.Build.0 = Debug|x64
		{175EF67B-B5C4-4D04-944A-C524D4A0EBE6}.Debug|x86.ActiveCfg = Debug|Win32
		{175EF67B-B5C4-4D04-944A-C524D4A0EBE6}.Debug|x86.Build.0 = Debug|Win32
		{175EF67B-B5C4-4D04-944A-C524D4A0EBE6}.Release|ARM.ActiveCfg = Release|ARM
		{175EF67B-B5C4-4D04-944A-C524D4A0EBE6}.Release|ARM.Build.0 = Release|ARM
		{175EF67B-B5C4-4D04-944A-C524D4A0EBE6}.Release|ARM64.ActiveCfg = Release|Win32
		{175EF67B-B5C4-4D04-944A-C524D4A0EBE6}.Release|x64.ActiveCfg = Release|x64
		{175EF67B-B5C4-4D04-944A-C524D4A0EBE6}.Release|x64.Build.0 = Release|x64
		{175EF67B-B5C4-4D04-944A-C524D4A0EBE6}.Release|x86.ActiveCfg = Release|Win32
		{175EF67B-B5C4-4D04-944A-C524D4A0EBE6}.Release|x86.Build.0 = Release|Win32
		{D44E89C0-AB54-4F2F-B3CC-5978CBF1ECE9}.Debug|ARM.ActiveCfg = Debug|ARM
		{D44E89C0-AB54-4F2F-B3CC-5978CBF1ECE9}.Debug|ARM.Build.0 = Debug|ARM
		{D44E89C0-AB54-4F2F-B3CC-5978CBF1ECE9}.Debug|ARM64.ActiveCfg = Debug|ARM64
		{D44E89C0-AB54-4F2F-B3CC-5978CBF1ECE9}.Debug|ARM64.Build.0 = Debug|ARM64
		{D44E89C0-AB54-4F2F-B3CC-5978CBF1ECE9}.Debug|x64.ActiveCfg = Debug|x64
		{D44E89C0-AB54-4F2F-B3CC-5978CBF1ECE9}.Debug|x64.Build.0 = Debug|x64
		{D44E89C0-AB54-4F2F-B3CC-5978CBF1ECE9}.Debug|x86.ActiveCfg = Debug|Win32
		{D44E89C0-AB54-4F2F-B3CC-5978CBF1ECE9}.Debug|x86.Build.0 = Debug|Win32
		{D44E89C0-AB54-4F2F-B3CC-5978CBF1ECE9}.Release|ARM.ActiveCfg = Release|ARM
		{D44E89C0-AB54-4F2F-B3CC-5978CBF1ECE9}.Release|ARM.Build.0 = Release|ARM
		{D44E89C0-AB54-4F2F-B3CC-5978CBF1ECE9}.Release|ARM64.ActiveCfg = Release|ARM64
		{D44E89C0-AB54-4F2F-B3CC-5978CBF1ECE9}.Release|ARM64.Build.0 = Release|ARM64
		{D44E89C0-AB54-4F2F-B3CC-5978CBF1ECE9}.Release|x64.ActiveCfg = Release|x64
		{D44E89C0-AB54-4F2F-B3CC-5978CBF1ECE9}.Release|x64.Build.0 = Release|x64
		{D44E89C0-AB54-4F2F-B3CC-5978CBF1ECE9}.Release|x86.ActiveCfg = Release|Win32
		{D44E89C0-AB54-4F2F-B3CC-5978CBF1ECE9}.Release|x86.Build.0 = Release|Win32
		{E4651240-7B85-4AC8-97E4-D59D469D691F}.Debug|ARM.ActiveCfg = Debug|ARM
		{E4651240-7B85-4AC8-97E4-D59D469D691F}.Debug|ARM.Build.0 = Debug|ARM
		{E4651240-7B85-4AC8-97E4-D59D469D691F}.Debug|ARM64.ActiveCfg = Debug|ARM64
		{E4651240-7B85-4AC8-97E4-D59D469D691F}.Debug|ARM64.Build.0 = Debug|ARM64
		{E4651240-7B85-4AC8-97E4-D59D469D691F}.Debug|x64.ActiveCfg = Debug|x64
		{E4651240-7B85-4AC8-97E4-D59D469D691F}.Debug|x64.Build.0 = Debug|x64
		{E4651240-7B85-4AC8-97E4-D59D469D691F}.Debug|x86.ActiveCfg = Debug|Win32
		{E4651240-7B85-4AC8-97E4-D59D469D691F}.Debug|x86.Build.0 = Debug|Win32
		{E4651240-7B85-4AC8-97E4-D59D469D691F}.Release|ARM.ActiveCfg = Release|ARM
		{E4651240-7B85-4AC8-97E4-D59D469D691F}.Release|ARM.Build.0 = Release|ARM
		{E4651240-7B85-4AC8-97E4-D59D469D691F}.Release|ARM64.ActiveCfg = Release|ARM64
		{E4651240-7B85-4AC8-97E4-D59D469D691F}.Release|ARM64.Build.0 = Release|ARM64
		{E4651240-7B85-4AC8-97E4-D59D469D691F}.Release|x64.ActiveCfg = Release|x64
		{E4651240-7B85-4AC8-97E4-D59D469D691F}.Release|x64.Build.0 = Release|x64
		{E4651240-7B85-4AC8-97E4-D59D469D691F}.Release|x86.ActiveCfg = Release|Win32
		{E4651240-7B85-4AC8-97E4-D59D469D691F}.Release|x86.Build.0 = Release|Win32
		{F253DC31-BF93-4340-88ED-53A39DC5FF81}.Debug|ARM.ActiveCfg = Debug|ARM
		{F253DC31-BF93-4340-88ED-53A39DC5FF81}.Debug|ARM.Build.0 = Debug|ARM
		{F253DC31-BF93-4340-88ED-53A39DC5FF81}.Debug|ARM64.ActiveCfg = Debug|ARM64
		{F253DC31-BF93-4340-88ED-53A39DC5FF81}.Debug|ARM64.Build.0 = Debug|ARM64
		{F253DC31-BF93-4340-88ED-53A39DC5FF81}.Debug|x64.ActiveCfg = Debug|x64
		{F253DC31-BF93-4340-88ED-53A39DC5FF81}.Debug|x64.Build.0 = Debug|x64
		{F253DC31-BF93-4340-88ED-53A39DC5FF81}.Debug|x86.ActiveCfg = Debug|Win32
		{F253DC31-BF93-4340-88ED-53A39DC5FF81}.Debug|x86.Build.0 = Debug|Win32
		{F253DC31-BF93-4340-88ED-53A39DC5FF81}.Release|ARM.ActiveCfg = Release|ARM
		{F253DC31-BF93-4340-88ED-53A39DC5FF81}.Release|ARM.Build.0 = Release|ARM
		{F253DC31-BF93-4340-88ED-53A39DC5FF81}.Release|ARM64.ActiveCfg = Release|ARM64
		{F253DC31-BF93-4340-88ED-53A39DC5FF81}.Release|ARM64.Build.0 = Release|ARM64
		{F253DC31-BF93-4340-88ED-53A39DC5FF81}.Release|x64.ActiveCfg = Release|x64
		{F253DC31-BF93-4340-88ED-53A39DC5FF81}.Release|x64.Build.0 = Release|x64
		{F253DC31-BF93-4340-88ED-53A39DC5FF81}.Release|x86.ActiveCfg = Release|Win32
		{F253DC31-BF93-4340-88ED-53A39DC5FF81}.Release|x86.Build.0 = Release|Win32
		{85D390A9-2C6A-4E78-A180-584AB5110971}.Debug|ARM.ActiveCfg = Debug|ARM
		{85D390A9-2C6A-4E78-A180-584AB5110971}.Debug|ARM.Build.0 = Debug|ARM
		{85D390A9-2C6A-4E78-A180-584AB5110971}.Debug|ARM64.ActiveCfg = Debug|ARM64
		{85D390A9-2C6A-4E78-A180-584AB5110971}.Debug|ARM64.Build.0 = Debug|ARM64
		{85D390A9-2C6A-4E78-A180-584AB5110971}.Debug|x64.ActiveCfg = Debug|x64
		{85D390A9-2C6A-4E78-A180-584AB5110971}.Debug|x64.Build.0 = Debug|x64
		{85D390A9-2C6A-4E78-A180-584AB5110971}.Debug|x86.ActiveCfg = Debug|Win32
		{85D390A9-2C6A-4E78-A180-584AB5110971}.Debug|x86.Build.0 = Debug|Win32
		{85D390A9-2C6A-4E78-A180-584AB5110971}.Release|ARM.ActiveCfg = Release|ARM
		{85D390A9-2C6A-4E78-A180-584AB5110971}.Release|ARM.Build.0 = Release|ARM
		{85D390A9-2C6A-4E78-A180-584AB5110971}.Release|ARM64.ActiveCfg = Release|ARM64
		{85D390A9-2C6A-4E78-A180-584AB5110971}.Release|ARM64.Build.0 = Release|ARM64
		{85D390A9-2C6A-4E78-A180-584AB5110971}.Release|x64.ActiveCfg = Release|x64
		{85D390A9-2C6A-4E78-A180-584AB5110971}.Release|x64.Build.0 = Release|x64
		{85D390A9-2C6A-4E78-A180-584AB5110971}.Release|x86.ActiveCfg = Release|Win32
		{85D390A9-2C6A-4E78-A180-584AB5110971}.Release|x86.Build.0 = Release|Win32
		{401785DA-9BCE-4D3D-8BF7-592DD1D6DA46}.Debug|ARM.ActiveCfg = Debug|ARM
		{401785DA-9BCE-4D3D-8BF7-592DD1D6DA46}.Debug|ARM.Build.0 = Debug|ARM
		{401785DA-9BCE-4D3D-8BF7-592DD1D6DA46}.Debug|ARM64.ActiveCfg = Debug|ARM64
		{401785DA-9BCE-4D3D-8BF7-592DD1D6DA46}.Debug|ARM64.Build.0 = Debug|ARM64
		{401785DA-9BCE-4D3D-8BF7-592DD1D6DA46}.Debug|x64.ActiveCfg = Debug|x64
		{401785DA-9BCE-4D3D-8BF7-592DD1D6DA46}.Debug|x64.Build.0 = Debug|x64
		{401785DA-9BCE-4D3D-8BF7-592DD1D6DA46}.Debug|x86.ActiveCfg = Debug|Win32
		{401785DA-9BCE-4D3D-8BF7-592DD1D6DA46}.Debug|x86.Build.0 = Debug|Win32
		{401785DA-9BCE-4D3D-8BF7-592DD1D6DA46}.Release|ARM.ActiveCfg = Release|ARM
		{401785DA-9BCE-4D3D-8BF7-592DD1D6DA46}.Release|ARM.Build.0 = Release|ARM
		{401785DA-9BCE-4D3D-8BF7-592DD1D6DA46}.Release|ARM64.ActiveCfg = Release|ARM64
		{401785DA-9BCE-4D3D-8BF7-592DD1D6DA46}.Release|ARM64.Build.0 = Release|ARM64
		{401785DA-9BCE-4D3D-8BF7-592DD1D6DA46}.Release|x64.ActiveCfg = Release|x64
		{401785DA-9BCE-4D3D-8BF7-592DD1D6DA46}.Release|x64.Build.0 = Release|x64
		{401785DA-9BCE-4D3D-8BF7-592DD1D6DA46}.Release|x86.ActiveCfg = Release|Win32
		{401785DA-9BCE-4D3D-8BF7-592DD1D6DA46}.Release|x86.Build.0 = Release|Win32
		{2D43632E-405D-4588-9A9E-692605C06034}.Debug|ARM.ActiveCfg = Debug|ARM
		{2D43632E-405D-4588-9A9E-692605C06034}.Debug|ARM.Build.0 = Debug|ARM
		{2D43632E-405D-4588-9A9E-692605C06034}.Debug|ARM64.ActiveCfg = Debug|ARM64
		{2D43632E-405D-4588-9A9E-692605C06034}.Debug|ARM64.Build.0 = Debug|ARM64
		{2D43632E-405D-4588-9A9E-692605C06034}.Debug|x64.ActiveCfg = Debug|x64
		{2D43632E-405D-4588-9A9E-692605C06034}.Debug|x64.Build.0 = Debug|x64
		{2D43632E-405D-4588-9A9E-692605C06034}.Debug|x86.ActiveCfg = Debug|Win32
		{2D43632E-405D-4588-9A9E-692605C06034}.Debug|x86.Build.0 = Debug|Win32
		{2D43632E-405D-4588-9A9E-692605C06034}.Release|ARM.ActiveCfg = Release|ARM
		{2D43632E-405D-4588-9A9E-692605C06034}.Release|ARM.Build.0 = Release|ARM
		{2D43632E-405D-4588-9A9E-692605C06034}.Release|ARM64.ActiveCfg = Release|ARM64
		{2D43632E-405D-4588-9A9E-692605C06034}.Release|ARM64.Build.0 = Release|ARM64
		{2D43632E-405D-4588-9A9E-692605C06034}.Release|x64.ActiveCfg = Release|x64
		{2D43632E-405D-4588-9A9E-692605C06034}.Release|x64.Build.0 = Release|x64
		{2D43632E-405D-4588-9A9E-692605C06034}.Release|x86.ActiveCfg = Release|Win32
		{2D43632E-405D-4588-9A9E-692605C06034}.Release|x86.Build.0 = Release|Win32
		{1CE98421-C4B6-4707-929C-89016B21E03F}.Debug|ARM.ActiveCfg = Debug|ARM
		{1CE98421-C4B6-4707-929C-89016B21E03F}.Debug|ARM.Build.0 = Debug|ARM
		{1CE98421-C4B6-4707-929C-89016B21E03F}.Debug|ARM64.ActiveCfg = Debug|ARM64
		{1CE98421-C4B6-4707-929C-89016B21E03F}.Debug|ARM64.Build.0 = Debug|ARM64
		{1CE98421-C4B6-4707-929C-89016B21E03F}.Debug|x64.ActiveCfg = Debug|x64
		{1CE98421-C4B6-4707-929C-89016B21E03F}.Debug|x64.Build.0 = Debug|x64
		{1CE98421-C4B6-4707-929C-89016B21E03F}.Debug|x86.ActiveCfg = Debug|Win32
		{1CE98421-C4B6-4707-929C-89016B21E03F}.Debug|x86.Build.0 = Debug|Win32
		{1CE98421-C4B6-4707-929C-89016B21E03F}.Release|ARM.ActiveCfg = Release|ARM
		{1CE98421-C4B6-4707-929C-89016B21E03F}.Release|ARM.Build.0 = Release|ARM
		{1CE98421-C4B6-4707-929C-89016B21E03F}.Release|ARM64.ActiveCfg = Release|ARM64
		{1CE98421-C4B6-4707-929C-89016B21E03F}.Release|ARM64.Build.0 = Release|ARM64
		{1CE98421-C4B6-4707-929C-89016B21E03F}.Release|x64.ActiveCfg = Release|x64
		{1CE98421-C4B6-4707-929C-89016B21E03F}.Release|x64.Build.0 = Release|x64
		{1CE98421-C4B6-4707-929C-89016B21E03F}.Release|x86.ActiveCfg = Release|Win32
		{1CE98421-C4B6-4707-929C-89016B21E03F}.Release|x86.Build.0 = Release|Win32
		{7DF5830F-75B6-467E-8254-C0C4AE34EE7E}.Debug|ARM.ActiveCfg = Debug|ARM
		{7DF5830F-75B6-467E-8254-C0C4AE34EE7E}.Debug|ARM.Build.0 = Debug|ARM
		{7DF5830F-75B6-467E-8254-C0C4AE34EE7E}.Debug|ARM64.ActiveCfg = Debug|ARM64
		{7DF5830F-75B6-467E-8254-C0C4AE34EE7E}.Debug|ARM64.Build.0 = Debug|ARM64
		{7DF5830F-75B6-467E-8254-C0C4AE34EE7E}.Debug|x64.ActiveCfg = Debug|x64
		{7DF5830F-75B6-467E-8254-C0C4AE34EE7E}.Debug|x64.Build.0 = Debug|x64
		{7DF5830F-75B6-467E-8254-C0C4AE34EE7E}.Debug|x86.ActiveCfg = Debug|Win32
		{7DF5830F-75B6-467E-8254-C0C4AE34EE7E}.Debug|x86.Build.0 = Debug|Win32
		{7DF5830F-75B6-467E-8254-C0C4AE34EE7E}.Release|ARM.ActiveCfg = Release|ARM
		{7DF5830F-75B6-467E-8254-C0C4AE34EE7E}.Release|ARM.Build.0 = Release|ARM
		{7DF5830F-75B6-467E-8254-C0C4AE34EE7E}.Release|ARM64.ActiveCfg = Release|ARM64
		{7DF5830F-75B6-467E-8254-C0C4AE34EE7E}.Release|ARM64.Build.0 = Release|ARM64
		{7DF5830F-75B6-467E-8254-C0C4AE34EE7E}.Release|x64.ActiveCfg = Release|x64
		{7DF5830F-75B6-467E-8254-C0C4AE34EE7E}.Release|x64.Build.0 = Release|x64
		{7DF5830F-75B6-467E-8254-C0C4AE34EE7E}.Release|x86.ActiveCfg = Release|Win32
		{7DF5830F-75B6-467E-8254-C0C4AE34EE7E}.Release|x86.Build.0 = Release|Win32
		{711B6436-12E4-4A75-8602-E7D6EEC8EB64}.Debug|ARM.ActiveCfg = Debug|ARM
		{711B6436-12E4-4A75-8602-E7D6EEC8EB64}.Debug|ARM.Build.0 = Debug|ARM
		{711B6436-12E4-4A75-8602-E7D6EEC8EB64}.Debug|ARM.Deploy.0 = Debug|ARM
		{711B6436-12E4-4A75-8602-E7D6EEC8EB64}.Debug|ARM64.ActiveCfg = Debug|ARM64
		{711B6436-12E4-4A75-8602-E7D6EEC8EB64}.Debug|ARM64.Build.0 = Debug|ARM64
		{711B6436-12E4-4A75-8602-E7D6EEC8EB64}.Debug|ARM64.Deploy.0 = Debug|ARM64
		{711B6436-12E4-4A75-8602-E7D6EEC8EB64}.Debug|x64.ActiveCfg = Debug|x64
		{711B6436-12E4-4A75-8602-E7D6EEC8EB64}.Debug|x64.Build.0 = Debug|x64
		{711B6436-12E4-4A75-8602-E7D6EEC8EB64}.Debug|x64.Deploy.0 = Debug|x64
		{711B6436-12E4-4A75-8602-E7D6EEC8EB64}.Debug|x86.ActiveCfg = Debug|x86
		{711B6436-12E4-4A75-8602-E7D6EEC8EB64}.Debug|x86.Build.0 = Debug|x86
		{711B6436-12E4-4A75-8602-E7D6EEC8EB64}.Debug|x86.Deploy.0 = Debug|x86
		{711B6436-12E4-4A75-8602-E7D6EEC8EB64}.Release|ARM.ActiveCfg = Release|ARM
		{711B6436-12E4-4A75-8602-E7D6EEC8EB64}.Release|ARM.Build.0 = Release|ARM
		{711B6436-12E4-4A75-8602-E7D6EEC8EB64}.Release|ARM.Deploy.0 = Release|ARM
		{711B6436-12E4-4A75-8602-E7D6EEC8EB64}.Release|ARM64.ActiveCfg = Release|ARM64
		{711B6436-12E4-4A75-8602-E7D6EEC8EB64}.Release|ARM64.Build.0 = Release|ARM64
		{711B6436-12E4-4A75-8602-E7D6EEC8EB64}.Release|ARM64.Deploy.0 = Release|ARM64
		{711B6436-12E4-4A75-8602-E7D6EEC8EB64}.Release|x64.ActiveCfg = Release|x64
		{711B6436-12E4-4A75-8602-E7D6EEC8EB64}.Release|x64.Build.0 = Release|x64
		{711B6436-12E4-4A75-8602-E7D6EEC8EB64}.Release|x64.Deploy.0 = Release|x64
		{711B6436-12E4-4A75-8602-E7D6EEC8EB64}.Release|x86.ActiveCfg = Release|x86
		{711B6436-12E4-4A75-8602-E7D6EEC8EB64}.Release|x86.Build.0 = Release|x86
		{711B6436-12E4-4A75-8602-E7D6EEC8EB64}.Release|x86.Deploy.0 = Release|x86
	EndGlobalSection
	GlobalSection(SolutionProperties) = preSolution
		HideSolutionNode = FALSE
	EndGlobalSection
	GlobalSection(NestedProjects) = preSolution
		{9B751D95-0F4D-4F80-83B1-494AF2D68C36} = {F8AC52D1-E5E8-440C-A0F2-B2612988F8A9}
		{F1079A95-C042-429F-AD7B-97A91EC8BE65} = {0600FC55-B804-4376-A6AE-2227E2F8D4C1}
		{5B969656-EA9B-4479-9DCC-4B47BAB474A1} = {E06CE943-2079-42A6-ACB0-6DA84138033D}
		{08D15C5A-38FE-42BC-BE6C-4AFEEB347B7E} = {F9A7B95E-545D-4BE2-8605-7A7D254EFA16}
		{7E0215A1-1E2D-414F-A8E9-CA3C7118A192} = {E0205808-386B-4E6E-9929-60183ACFAE87}
		{5589AEDB-6143-4B48-A7A3-1DD0C73E5723} = {DC0F91E4-90EA-45E3-8EEC-08D37215941C}
		{17FA6670-7FEB-4ABF-A408-ABA3C7BD604D} = {6AFF07B3-47F4-4202-95CE-EDC981DB3DA9}
		{B23E3639-D675-49B2-85B1-FAE680012B71} = {CA6A1153-0F10-41D7-B18F-942A59E00505}
		{2D83279C-3BB2-43EC-8503-8E62FB1F3A99} = {0600FC55-B804-4376-A6AE-2227E2F8D4C1}
		{B7708226-C65A-442A-B937-2FC31A923B5A} = {CA6A1153-0F10-41D7-B18F-942A59E00505}
		{891804B9-2F50-4A9A-B8B0-F2AF397D4AE8} = {E06CE943-2079-42A6-ACB0-6DA84138033D}
		{67810348-F9AF-45F1-892A-945299564494} = {E0205808-386B-4E6E-9929-60183ACFAE87}
		{B39BE607-B19B-4D04-BF3E-E08AFF32F6A7} = {DC0F91E4-90EA-45E3-8EEC-08D37215941C}
		{D9EF1AB9-19B0-4FBC-907A-7A6D3920A638} = {F9A7B95E-545D-4BE2-8605-7A7D254EFA16}
		{D6799258-5A11-44D2-96A4-A7CA0E03F5BF} = {C6A07B94-50ED-4F69-BF98-8BC47EE64B87}
		{DF0BFDAA-EFCB-4B50-BA10-6F1C38003CF1} = {C6A07B94-50ED-4F69-BF98-8BC47EE64B87}
		{175EF67B-B5C4-4D04-944A-C524D4A0EBE6} = {0600FC55-B804-4376-A6AE-2227E2F8D4C1}
		{D44E89C0-AB54-4F2F-B3CC-5978CBF1ECE9} = {CA6A1153-0F10-41D7-B18F-942A59E00505}
		{E4651240-7B85-4AC8-97E4-D59D469D691F} = {E0205808-386B-4E6E-9929-60183ACFAE87}
		{F253DC31-BF93-4340-88ED-53A39DC5FF81} = {F9A7B95E-545D-4BE2-8605-7A7D254EFA16}
		{85D390A9-2C6A-4E78-A180-584AB5110971} = {E06CE943-2079-42A6-ACB0-6DA84138033D}
		{401785DA-9BCE-4D3D-8BF7-592DD1D6DA46} = {6AFF07B3-47F4-4202-95CE-EDC981DB3DA9}
		{2D43632E-405D-4588-9A9E-692605C06034} = {DC0F91E4-90EA-45E3-8EEC-08D37215941C}
		{1CE98421-C4B6-4707-929C-89016B21E03F} = {C6A07B94-50ED-4F69-BF98-8BC47EE64B87}
		{7DF5830F-75B6-467E-8254-C0C4AE34EE7E} = {033D937C-4A8C-4EB9-8E7F-70F33E1D7A73}
		{711B6436-12E4-4A75-8602-E7D6EEC8EB64} = {F8AC52D1-E5E8-440C-A0F2-B2612988F8A9}
	EndGlobalSection
	GlobalSection(ExtensibilityGlobals) = postSolution
		SolutionGuid = {2640C62E-7431-4C67-9FF9-1259F89F5DC3}
	EndGlobalSection
EndGlobal
