
Microsoft Visual Studio Solution File, Format Version 12.00
# Visual Studio 2013
VisualStudioVersion = 12.0.30501.0
MinimumVisualStudioVersion = 10.0.40219.1
Project("{2150E333-8FDC-42A3-9474-1A3956D46DE8}") = "SYEngineRuntime", "SYEngineRuntime", "{536118D9-2E17-4167-888D-93F547C7A6CC}"
EndProject
Project("{D954291E-2A0B-460D-934E-DC6B0785DB48}") = "SYEngineRuntime.Shared", "Demo\SYEngineRuntime\SYEngineRuntime.Shared\SYEngineRuntime.Shared.shproj", "{093733B8-464D-407E-A941-AF33AC8406BE}"
EndProject
Project("{FAE04EC0-301F-11D3-BF4B-00C04F79EFBC}") = "SYEngineRuntime.Windows", "Demo\SYEngineRuntime\SYEngineRuntime.Windows\SYEngineRuntime.Windows.csproj", "{A9B9DD1D-5628-4C46-996C-0E3FDE97A3A4}"
EndProject
Project("{FAE04EC0-301F-11D3-BF4B-00C04F79EFBC}") = "SYEngineRuntime.WindowsPhone", "Demo\SYEngineRuntime\SYEngineRuntime.WindowsPhone\SYEngineRuntime.WindowsPhone.csproj", "{9130683D-7A7D-44B7-8A12-B446EA5F05AA}"
EndProject
Project("{8BC9CEB8-8B4A-11D0-8D11-00A0C91BC942}") = "SYEngineDesktop", "Demo\SYEngineDesktop\SYEngineDesktop.vcxproj", "{9B751D95-0F4D-4F80-83B1-494AF2D68C36}"
EndProject
Project("{2150E333-8FDC-42A3-9474-1A3956D46DE8}") = "Demo", "Demo", "{F8AC52D1-E5E8-440C-A0F2-B2612988F8A9}"
EndProject
Project("{2150E333-8FDC-42A3-9474-1A3956D46DE8}") = "CoreCommon", "CoreCommon", "{0600FC55-B804-4376-A6AE-2227E2F8D4C1}"
EndProject
Project("{8BC9CEB8-8B4A-11D0-8D11-00A0C91BC942}") = "CoreCommon.Shared", "CoreCommon\CoreCommon.Shared\CoreCommon.Shared.vcxitems", "{F1079A95-C042-429F-AD7B-97A91EC8BE65}"
EndProject
Project("{8BC9CEB8-8B4A-11D0-8D11-00A0C91BC942}") = "CoreCommon.Windows", "CoreCommon\CoreCommon.Windows\CoreCommon.Windows.vcxproj", "{13D48622-327D-455F-AB40-CCD9B85D50E5}"
EndProject
Project("{8BC9CEB8-8B4A-11D0-8D11-00A0C91BC942}") = "CoreCommon.WindowsPhone", "CoreCommon\CoreCommon.WindowsPhone\CoreCommon.WindowsPhone.vcxproj", "{ABB4BCB5-19FF-4D89-AE67-0C4EB952EF22}"
EndProject
Project("{2150E333-8FDC-42A3-9474-1A3956D46DE8}") = "CoreMFSource", "CoreMFSource", "{E06CE943-2079-42A6-ACB0-6DA84138033D}"
EndProject
Project("{8BC9CEB8-8B4A-11D0-8D11-00A0C91BC942}") = "CoreMFSource.Shared", "CoreMFSource\CoreMFSource.Shared\CoreMFSource.Shared.vcxitems", "{5B969656-EA9B-4479-9DCC-4B47BAB474A1}"
EndProject
Project("{8BC9CEB8-8B4A-11D0-8D11-00A0C91BC942}") = "CoreMFSource.Windows", "CoreMFSource\CoreMFSource.Windows\CoreMFSource.Windows.vcxproj", "{5F555A02-E82F-415E-8043-D7209194BE92}"
EndProject
Project("{8BC9CEB8-8B4A-11D0-8D11-00A0C91BC942}") = "CoreMFSource.WindowsPhone", "CoreMFSource\CoreMFSource.WindowsPhone\CoreMFSource.WindowsPhone.vcxproj", "{32326BD5-23D8-4993-A79F-46A819BCC794}"
EndProject
Project("{2150E333-8FDC-42A3-9474-1A3956D46DE8}") = "ffcodecs", "ffcodecs", "{E0205808-386B-4E6E-9929-60183ACFAE87}"
EndProject
Project("{8BC9CEB8-8B4A-11D0-8D11-00A0C91BC942}") = "ffcodecs.Shared", "ffcodecs\ffcodecs.Shared\ffcodecs.Shared.vcxitems", "{7E0215A1-1E2D-414F-A8E9-CA3C7118A192}"
EndProject
Project("{8BC9CEB8-8B4A-11D0-8D11-00A0C91BC942}") = "ffcodecs.Windows", "ffcodecs\ffcodecs.Windows\ffcodecs.Windows.vcxproj", "{8BE11E1A-2BCC-4764-9A72-BD80012974C3}"
EndProject
Project("{8BC9CEB8-8B4A-11D0-8D11-00A0C91BC942}") = "ffcodecs.WindowsPhone", "ffcodecs\ffcodecs.WindowsPhone\ffcodecs.WindowsPhone.vcxproj", "{FB33C1E7-872F-46BC-A7B5-3317D9B93E74}"
EndProject
Project("{2150E333-8FDC-42A3-9474-1A3956D46DE8}") = "MultipartStreamMatroska", "MultipartStreamMatroska", "{DC0F91E4-90EA-45E3-8EEC-08D37215941C}"
EndProject
Project("{8BC9CEB8-8B4A-11D0-8D11-00A0C91BC942}") = "MultipartStreamMatroska.Shared", "MultipartStreamMatroska\MultipartStreamMatroska.Shared\MultipartStreamMatroska.Shared.vcxitems", "{5589AEDB-6143-4B48-A7A3-1DD0C73E5723}"
EndProject
Project("{8BC9CEB8-8B4A-11D0-8D11-00A0C91BC942}") = "MultipartStreamMatroska.Windows", "MultipartStreamMatroska\MultipartStreamMatroska.Windows\MultipartStreamMatroska.Windows.vcxproj", "{404150B6-9A3A-449E-A410-5D64FF3B85D3}"
EndProject
Project("{8BC9CEB8-8B4A-11D0-8D11-00A0C91BC942}") = "MultipartStreamMatroska.WindowsPhone", "MultipartStreamMatroska\MultipartStreamMatroska.WindowsPhone\MultipartStreamMatroska.WindowsPhone.vcxproj", "{1A1821C0-5072-48D7-93AD-2ECDCD267F4D}"
EndProject
Project("{2150E333-8FDC-42A3-9474-1A3956D46DE8}") = "SYEngine", "SYEngine", "{033D937C-4A8C-4EB9-8E7F-70F33E1D7A73}"
EndProject
Project("{8BC9CEB8-8B4A-11D0-8D11-00A0C91BC942}") = "SYEngine.Shared", "SYEngine\SYEngine.Shared\SYEngine.Shared.vcxitems", "{54F23214-4129-4EB9-9EC7-66DC7221CA6C}"
EndProject
Project("{8BC9CEB8-8B4A-11D0-8D11-00A0C91BC942}") = "SYEngine.Windows", "SYEngine\SYEngine.Windows\SYEngine.Windows.vcxproj", "{371B4E0D-44EC-4781-8350-55471E26C599}"
EndProject
Project("{8BC9CEB8-8B4A-11D0-8D11-00A0C91BC942}") = "SYEngine.WindowsPhone", "SYEngine\SYEngine.WindowsPhone\SYEngine.WindowsPhone.vcxproj", "{6C77118B-C47C-461B-8D53-AB673C312DAC}"
EndProject
Project("{2150E333-8FDC-42A3-9474-1A3956D46DE8}") = "WinhttpWrapper", "WinhttpWrapper", "{6AFF07B3-47F4-4202-95CE-EDC981DB3DA9}"
EndProject
Project("{8BC9CEB8-8B4A-11D0-8D11-00A0C91BC942}") = "WinhttpWrapper.Shared", "WinhttpWrapper\WinhttpWrapper.Shared\WinhttpWrapper.Shared.vcxitems", "{17FA6670-7FEB-4ABF-A408-ABA3C7BD604D}"
EndProject
Project("{8BC9CEB8-8B4A-11D0-8D11-00A0C91BC942}") = "WinhttpWrapper.Windows", "WinhttpWrapper\WinhttpWrapper.Windows\WinhttpWrapper.Windows.vcxproj", "{8D81CB54-AB9E-4675-9321-06DE84BB47F7}"
EndProject
Project("{8BC9CEB8-8B4A-11D0-8D11-00A0C91BC942}") = "WinhttpWrapper.WindowsPhone", "WinhttpWrapper\WinhttpWrapper.WindowsPhone\WinhttpWrapper.WindowsPhone.vcxproj", "{F0C38DC9-A02D-4CF1-9E0E-3E8AE64E589A}"
EndProject
Project("{2150E333-8FDC-42A3-9474-1A3956D46DE8}") = "CoreDemuxers", "CoreDemuxers", "{CA6A1153-0F10-41D7-B18F-942A59E00505}"
EndProject
Project("{8BC9CEB8-8B4A-11D0-8D11-00A0C91BC942}") = "CoreDemuxers.Shared", "CoreDemuxers\CoreDemuxers.Shared\CoreDemuxers.Shared.vcxitems", "{B23E3639-D675-49B2-85B1-FAE680012B71}"
EndProject
Project("{8BC9CEB8-8B4A-11D0-8D11-00A0C91BC942}") = "CoreDemuxers.Windows", "CoreDemuxers\CoreDemuxers.Windows\CoreDemuxers.Windows.vcxproj", "{927C14C4-15FF-4939-B03C-3176A684EE09}"
EndProject
Project("{8BC9CEB8-8B4A-11D0-8D11-00A0C91BC942}") = "CoreDemuxers.WindowsPhone", "CoreDemuxers\CoreDemuxers.WindowsPhone\CoreDemuxers.WindowsPhone.vcxproj", "{12C720A6-7590-4DA1-9666-0ADF59555E03}"
EndProject
Project("{8BC9CEB8-8B4A-11D0-8D11-00A0C91BC942}") = "CoreCommon.Desktop", "CoreCommon\CoreCommon.Desktop\CoreCommon.Desktop.vcxproj", "{2D83279C-3BB2-43EC-8503-8E62FB1F3A99}"
EndProject
Project("{8BC9CEB8-8B4A-11D0-8D11-00A0C91BC942}") = "CoreDemuxers.Desktop", "CoreDemuxers\CoreDemuxers.Desktop\CoreDemuxers.Desktop.vcxproj", "{B7708226-C65A-442A-B937-2FC31A923B5A}"
EndProject
Project("{8BC9CEB8-8B4A-11D0-8D11-00A0C91BC942}") = "CoreMFSource.Desktop", "CoreMFSource\CoreMFSource.Desktop\CoreMFSource.Desktop.vcxproj", "{891804B9-2F50-4A9A-B8B0-F2AF397D4AE8}"
EndProject
Project("{8BC9CEB8-8B4A-11D0-8D11-00A0C91BC942}") = "ffcodecs.Desktop", "ffcodecs\ffcodecs.Desktop\ffcodecs.Desktop.vcxproj", "{67810348-F9AF-45F1-892A-945299564494}"
EndProject
Project("{8BC9CEB8-8B4A-11D0-8D11-00A0C91BC942}") = "MultipartStreamMatroska.Desktop", "MultipartStreamMatroska\MultipartStreamMatroska.Desktop\MultipartStreamMatroska.Desktop.vcxproj", "{B39BE607-B19B-4D04-BF3E-E08AFF32F6A7}"
EndProject
Global
	GlobalSection(SharedMSBuildProjectFiles) = preSolution
		MultipartStreamMatroska\MultipartStreamMatroska.Shared\MultipartStreamMatroska.Shared.vcxitems*{404150b6-9a3a-449e-a410-5d64ff3b85d3}*SharedItemsImports = 4
		CoreCommon\CoreCommon.Shared\CoreCommon.Shared.vcxitems*{2d83279c-3bb2-43ec-8503-8e62fb1f3a99}*SharedItemsImports = 4
		CoreDemuxers\CoreDemuxers.Shared\CoreDemuxers.Shared.vcxitems*{b23e3639-d675-49b2-85b1-fae680012b71}*SharedItemsImports = 9
		CoreCommon\CoreCommon.Shared\CoreCommon.Shared.vcxitems*{f1079a95-c042-429f-ad7b-97a91ec8be65}*SharedItemsImports = 9
		ffcodecs\ffcodecs.Shared\ffcodecs.Shared.vcxitems*{7e0215a1-1e2d-414f-a8e9-ca3c7118a192}*SharedItemsImports = 9
		CoreDemuxers\CoreDemuxers.Shared\CoreDemuxers.Shared.vcxitems*{927c14c4-15ff-4939-b03c-3176a684ee09}*SharedItemsImports = 4
		CoreCommon\CoreCommon.Shared\CoreCommon.Shared.vcxitems*{abb4bcb5-19ff-4d89-ae67-0c4eb952ef22}*SharedItemsImports = 4
		WinhttpWrapper\WinhttpWrapper.Shared\WinhttpWrapper.Shared.vcxitems*{17fa6670-7feb-4abf-a408-aba3c7bd604d}*SharedItemsImports = 9
		Demo\SYEngineRuntime\SYEngineRuntime.Shared\SYEngineRuntime.Shared.projitems*{093733b8-464d-407e-a941-af33ac8406be}*SharedItemsImports = 13
		MultipartStreamMatroska\MultipartStreamMatroska.Shared\MultipartStreamMatroska.Shared.vcxitems*{b39be607-b19b-4d04-bf3e-e08aff32f6a7}*SharedItemsImports = 4
		CoreCommon\CoreCommon.Shared\CoreCommon.Shared.vcxitems*{13d48622-327d-455f-ab40-ccd9b85d50e5}*SharedItemsImports = 4
		Demo\SYEngineRuntime\SYEngineRuntime.Shared\SYEngineRuntime.Shared.projitems*{a9b9dd1d-5628-4c46-996c-0e3fde97a3a4}*SharedItemsImports = 4
		CoreMFSource\CoreMFSource.Shared\CoreMFSource.Shared.vcxitems*{5b969656-ea9b-4479-9dcc-4b47bab474a1}*SharedItemsImports = 9
		SYEngine\SYEngine.Shared\SYEngine.Shared.vcxitems*{6c77118b-c47c-461b-8d53-ab673c312dac}*SharedItemsImports = 4
		ffcodecs\ffcodecs.Shared\ffcodecs.Shared.vcxitems*{67810348-f9af-45f1-892a-945299564494}*SharedItemsImports = 4
		ffcodecs\ffcodecs.Shared\ffcodecs.Shared.vcxitems*{8be11e1a-2bcc-4764-9a72-bd80012974c3}*SharedItemsImports = 4
		WinhttpWrapper\WinhttpWrapper.Shared\WinhttpWrapper.Shared.vcxitems*{8d81cb54-ab9e-4675-9321-06de84bb47f7}*SharedItemsImports = 4
		SYEngine\SYEngine.Shared\SYEngine.Shared.vcxitems*{371b4e0d-44ec-4781-8350-55471e26c599}*SharedItemsImports = 4
		MultipartStreamMatroska\MultipartStreamMatroska.Shared\MultipartStreamMatroska.Shared.vcxitems*{5589aedb-6143-4b48-a7a3-1dd0c73e5723}*SharedItemsImports = 9
		ffcodecs\ffcodecs.Shared\ffcodecs.Shared.vcxitems*{fb33c1e7-872f-46bc-a7b5-3317d9b93e74}*SharedItemsImports = 4
		CoreMFSource\CoreMFSource.Shared\CoreMFSource.Shared.vcxitems*{891804b9-2f50-4a9a-b8b0-f2af397d4ae8}*SharedItemsImports = 4
		CoreMFSource\CoreMFSource.Shared\CoreMFSource.Shared.vcxitems*{32326bd5-23d8-4993-a79f-46a819bcc794}*SharedItemsImports = 4
		CoreDemuxers\CoreDemuxers.Shared\CoreDemuxers.Shared.vcxitems*{b7708226-c65a-442a-b937-2fc31a923b5a}*SharedItemsImports = 4
		Demo\SYEngineRuntime\SYEngineRuntime.Shared\SYEngineRuntime.Shared.projitems*{9130683d-7a7d-44b7-8a12-b446ea5f05aa}*SharedItemsImports = 4
		CoreMFSource\CoreMFSource.Shared\CoreMFSource.Shared.vcxitems*{5f555a02-e82f-415e-8043-d7209194be92}*SharedItemsImports = 4
		MultipartStreamMatroska\MultipartStreamMatroska.Shared\MultipartStreamMatroska.Shared.vcxitems*{1a1821c0-5072-48d7-93ad-2ecdcd267f4d}*SharedItemsImports = 4
		CoreDemuxers\CoreDemuxers.Shared\CoreDemuxers.Shared.vcxitems*{12c720a6-7590-4da1-9666-0adf59555e03}*SharedItemsImports = 4
		WinhttpWrapper\WinhttpWrapper.Shared\WinhttpWrapper.Shared.vcxitems*{f0c38dc9-a02d-4cf1-9e0e-3e8ae64e589a}*SharedItemsImports = 4
		SYEngine\SYEngine.Shared\SYEngine.Shared.vcxitems*{54f23214-4129-4eb9-9ec7-66dc7221ca6c}*SharedItemsImports = 9
	EndGlobalSection
	GlobalSection(SolutionConfigurationPlatforms) = preSolution
		Debug|ARM = Debug|ARM
		Debug|x86 = Debug|x86
		Debug|x64 = Debug|x64
		Release|ARM = Release|ARM
		Release|x86 = Release|x86
		Release|x64 = Release|x64
	EndGlobalSection
	GlobalSection(ProjectConfigurationPlatforms) = postSolution
		{A9B9DD1D-5628-4C46-996C-0E3FDE97A3A4}.Debug|ARM.ActiveCfg = Debug|ARM
		{A9B9DD1D-5628-4C46-996C-0E3FDE97A3A4}.Debug|ARM.Build.0 = Debug|ARM
		{A9B9DD1D-5628-4C46-996C-0E3FDE97A3A4}.Debug|ARM.Deploy.0 = Debug|ARM
		{A9B9DD1D-5628-4C46-996C-0E3FDE97A3A4}.Debug|x86.ActiveCfg = Debug|x86
		{A9B9DD1D-5628-4C46-996C-0E3FDE97A3A4}.Debug|x86.Build.0 = Debug|x86
		{A9B9DD1D-5628-4C46-996C-0E3FDE97A3A4}.Debug|x86.Deploy.0 = Debug|x86
		{A9B9DD1D-5628-4C46-996C-0E3FDE97A3A4}.Debug|x64.ActiveCfg = Debug|x64
		{A9B9DD1D-5628-4C46-996C-0E3FDE97A3A4}.Debug|x64.Build.0 = Debug|x64
		{A9B9DD1D-5628-4C46-996C-0E3FDE97A3A4}.Debug|x64.Deploy.0 = Debug|x64
		{A9B9DD1D-5628-4C46-996C-0E3FDE97A3A4}.Release|ARM.ActiveCfg = Release|ARM
		{A9B9DD1D-5628-4C46-996C-0E3FDE97A3A4}.Release|ARM.Build.0 = Release|ARM
		{A9B9DD1D-5628-4C46-996C-0E3FDE97A3A4}.Release|ARM.Deploy.0 = Release|ARM
		{A9B9DD1D-5628-4C46-996C-0E3FDE97A3A4}.Release|x86.ActiveCfg = Release|x86
		{A9B9DD1D-5628-4C46-996C-0E3FDE97A3A4}.Release|x86.Build.0 = Release|x86
		{A9B9DD1D-5628-4C46-996C-0E3FDE97A3A4}.Release|x86.Deploy.0 = Release|x86
		{A9B9DD1D-5628-4C46-996C-0E3FDE97A3A4}.Release|x64.ActiveCfg = Release|x64
		{A9B9DD1D-5628-4C46-996C-0E3FDE97A3A4}.Release|x64.Build.0 = Release|x64
		{A9B9DD1D-5628-4C46-996C-0E3FDE97A3A4}.Release|x64.Deploy.0 = Release|x64
		{9130683D-7A7D-44B7-8A12-B446EA5F05AA}.Debug|ARM.ActiveCfg = Debug|ARM
		{9130683D-7A7D-44B7-8A12-B446EA5F05AA}.Debug|ARM.Build.0 = Debug|ARM
		{9130683D-7A7D-44B7-8A12-B446EA5F05AA}.Debug|ARM.Deploy.0 = Debug|ARM
		{9130683D-7A7D-44B7-8A12-B446EA5F05AA}.Debug|x86.ActiveCfg = Debug|x86
		{9130683D-7A7D-44B7-8A12-B446EA5F05AA}.Debug|x86.Build.0 = Debug|x86
		{9130683D-7A7D-44B7-8A12-B446EA5F05AA}.Debug|x86.Deploy.0 = Debug|x86
		{9130683D-7A7D-44B7-8A12-B446EA5F05AA}.Debug|x64.ActiveCfg = Debug|Any CPU
		{9130683D-7A7D-44B7-8A12-B446EA5F05AA}.Release|ARM.ActiveCfg = Release|ARM
		{9130683D-7A7D-44B7-8A12-B446EA5F05AA}.Release|ARM.Build.0 = Release|ARM
		{9130683D-7A7D-44B7-8A12-B446EA5F05AA}.Release|ARM.Deploy.0 = Release|ARM
		{9130683D-7A7D-44B7-8A12-B446EA5F05AA}.Release|x86.ActiveCfg = Release|x86
		{9130683D-7A7D-44B7-8A12-B446EA5F05AA}.Release|x86.Build.0 = Release|x86
		{9130683D-7A7D-44B7-8A12-B446EA5F05AA}.Release|x86.Deploy.0 = Release|x86
		{9130683D-7A7D-44B7-8A12-B446EA5F05AA}.Release|x64.ActiveCfg = Release|Any CPU
		{9B751D95-0F4D-4F80-83B1-494AF2D68C36}.Debug|ARM.ActiveCfg = Debug|Win32
		{9B751D95-0F4D-4F80-83B1-494AF2D68C36}.Debug|x86.ActiveCfg = Debug|Win32
		{9B751D95-0F4D-4F80-83B1-494AF2D68C36}.Debug|x86.Build.0 = Debug|Win32
		{9B751D95-0F4D-4F80-83B1-494AF2D68C36}.Debug|x64.ActiveCfg = Debug|Win32
		{9B751D95-0F4D-4F80-83B1-494AF2D68C36}.Release|ARM.ActiveCfg = Release|Win32
		{9B751D95-0F4D-4F80-83B1-494AF2D68C36}.Release|x86.ActiveCfg = Release|Win32
		{9B751D95-0F4D-4F80-83B1-494AF2D68C36}.Release|x86.Build.0 = Release|Win32
		{9B751D95-0F4D-4F80-83B1-494AF2D68C36}.Release|x64.ActiveCfg = Release|Win32
		{13D48622-327D-455F-AB40-CCD9B85D50E5}.Debug|ARM.ActiveCfg = Debug|ARM
		{13D48622-327D-455F-AB40-CCD9B85D50E5}.Debug|ARM.Build.0 = Debug|ARM
		{13D48622-327D-455F-AB40-CCD9B85D50E5}.Debug|x86.ActiveCfg = Debug|Win32
		{13D48622-327D-455F-AB40-CCD9B85D50E5}.Debug|x86.Build.0 = Debug|Win32
		{13D48622-327D-455F-AB40-CCD9B85D50E5}.Debug|x64.ActiveCfg = Debug|x64
		{13D48622-327D-455F-AB40-CCD9B85D50E5}.Debug|x64.Build.0 = Debug|x64
		{13D48622-327D-455F-AB40-CCD9B85D50E5}.Release|ARM.ActiveCfg = Release|ARM
		{13D48622-327D-455F-AB40-CCD9B85D50E5}.Release|ARM.Build.0 = Release|ARM
		{13D48622-327D-455F-AB40-CCD9B85D50E5}.Release|x86.ActiveCfg = Release|Win32
		{13D48622-327D-455F-AB40-CCD9B85D50E5}.Release|x86.Build.0 = Release|Win32
		{13D48622-327D-455F-AB40-CCD9B85D50E5}.Release|x64.ActiveCfg = Release|x64
		{13D48622-327D-455F-AB40-CCD9B85D50E5}.Release|x64.Build.0 = Release|x64
		{ABB4BCB5-19FF-4D89-AE67-0C4EB952EF22}.Debug|ARM.ActiveCfg = Debug|ARM
		{ABB4BCB5-19FF-4D89-AE67-0C4EB952EF22}.Debug|ARM.Build.0 = Debug|ARM
		{ABB4BCB5-19FF-4D89-AE67-0C4EB952EF22}.Debug|x86.ActiveCfg = Debug|Win32
		{ABB4BCB5-19FF-4D89-AE67-0C4EB952EF22}.Debug|x86.Build.0 = Debug|Win32
		{ABB4BCB5-19FF-4D89-AE67-0C4EB952EF22}.Debug|x64.ActiveCfg = Debug|Win32
		{ABB4BCB5-19FF-4D89-AE67-0C4EB952EF22}.Release|ARM.ActiveCfg = Release|ARM
		{ABB4BCB5-19FF-4D89-AE67-0C4EB952EF22}.Release|ARM.Build.0 = Release|ARM
		{ABB4BCB5-19FF-4D89-AE67-0C4EB952EF22}.Release|x86.ActiveCfg = Release|Win32
		{ABB4BCB5-19FF-4D89-AE67-0C4EB952EF22}.Release|x86.Build.0 = Release|Win32
		{ABB4BCB5-19FF-4D89-AE67-0C4EB952EF22}.Release|x64.ActiveCfg = Release|Win32
		{5F555A02-E82F-415E-8043-D7209194BE92}.Debug|ARM.ActiveCfg = Debug|ARM
		{5F555A02-E82F-415E-8043-D7209194BE92}.Debug|ARM.Build.0 = Debug|ARM
		{5F555A02-E82F-415E-8043-D7209194BE92}.Debug|x86.ActiveCfg = Debug|Win32
		{5F555A02-E82F-415E-8043-D7209194BE92}.Debug|x86.Build.0 = Debug|Win32
		{5F555A02-E82F-415E-8043-D7209194BE92}.Debug|x64.ActiveCfg = Debug|x64
		{5F555A02-E82F-415E-8043-D7209194BE92}.Debug|x64.Build.0 = Debug|x64
		{5F555A02-E82F-415E-8043-D7209194BE92}.Release|ARM.ActiveCfg = Release|ARM
		{5F555A02-E82F-415E-8043-D7209194BE92}.Release|ARM.Build.0 = Release|ARM
		{5F555A02-E82F-415E-8043-D7209194BE92}.Release|x86.ActiveCfg = Release|Win32
		{5F555A02-E82F-415E-8043-D7209194BE92}.Release|x86.Build.0 = Release|Win32
		{5F555A02-E82F-415E-8043-D7209194BE92}.Release|x64.ActiveCfg = Release|x64
		{5F555A02-E82F-415E-8043-D7209194BE92}.Release|x64.Build.0 = Release|x64
		{32326BD5-23D8-4993-A79F-46A819BCC794}.Debug|ARM.ActiveCfg = Debug|ARM
		{32326BD5-23D8-4993-A79F-46A819BCC794}.Debug|ARM.Build.0 = Debug|ARM
		{32326BD5-23D8-4993-A79F-46A819BCC794}.Debug|x86.ActiveCfg = Debug|Win32
		{32326BD5-23D8-4993-A79F-46A819BCC794}.Debug|x86.Build.0 = Debug|Win32
		{32326BD5-23D8-4993-A79F-46A819BCC794}.Debug|x64.ActiveCfg = Debug|Win32
		{32326BD5-23D8-4993-A79F-46A819BCC794}.Release|ARM.ActiveCfg = Release|ARM
		{32326BD5-23D8-4993-A79F-46A819BCC794}.Release|ARM.Build.0 = Release|ARM
		{32326BD5-23D8-4993-A79F-46A819BCC794}.Release|x86.ActiveCfg = Release|Win32
		{32326BD5-23D8-4993-A79F-46A819BCC794}.Release|x86.Build.0 = Release|Win32
		{32326BD5-23D8-4993-A79F-46A819BCC794}.Release|x64.ActiveCfg = Release|Win32
		{8BE11E1A-2BCC-4764-9A72-BD80012974C3}.Debug|ARM.ActiveCfg = Debug|ARM
		{8BE11E1A-2BCC-4764-9A72-BD80012974C3}.Debug|ARM.Build.0 = Debug|ARM
		{8BE11E1A-2BCC-4764-9A72-BD80012974C3}.Debug|x86.ActiveCfg = Debug|Win32
		{8BE11E1A-2BCC-4764-9A72-BD80012974C3}.Debug|x86.Build.0 = Debug|Win32
		{8BE11E1A-2BCC-4764-9A72-BD80012974C3}.Debug|x64.ActiveCfg = Debug|x64
		{8BE11E1A-2BCC-4764-9A72-BD80012974C3}.Debug|x64.Build.0 = Debug|x64
		{8BE11E1A-2BCC-4764-9A72-BD80012974C3}.Release|ARM.ActiveCfg = Release|ARM
		{8BE11E1A-2BCC-4764-9A72-BD80012974C3}.Release|ARM.Build.0 = Release|ARM
		{8BE11E1A-2BCC-4764-9A72-BD80012974C3}.Release|x86.ActiveCfg = Release|Win32
		{8BE11E1A-2BCC-4764-9A72-BD80012974C3}.Release|x86.Build.0 = Release|Win32
		{8BE11E1A-2BCC-4764-9A72-BD80012974C3}.Release|x64.ActiveCfg = Release|x64
		{8BE11E1A-2BCC-4764-9A72-BD80012974C3}.Release|x64.Build.0 = Release|x64
		{FB33C1E7-872F-46BC-A7B5-3317D9B93E74}.Debug|ARM.ActiveCfg = Debug|ARM
		{FB33C1E7-872F-46BC-A7B5-3317D9B93E74}.Debug|ARM.Build.0 = Debug|ARM
		{FB33C1E7-872F-46BC-A7B5-3317D9B93E74}.Debug|x86.ActiveCfg = Debug|Win32
		{FB33C1E7-872F-46BC-A7B5-3317D9B93E74}.Debug|x86.Build.0 = Debug|Win32
		{FB33C1E7-872F-46BC-A7B5-3317D9B93E74}.Debug|x64.ActiveCfg = Debug|Win32
		{FB33C1E7-872F-46BC-A7B5-3317D9B93E74}.Release|ARM.ActiveCfg = Release|ARM
		{FB33C1E7-872F-46BC-A7B5-3317D9B93E74}.Release|ARM.Build.0 = Release|ARM
		{FB33C1E7-872F-46BC-A7B5-3317D9B93E74}.Release|x86.ActiveCfg = Release|Win32
		{FB33C1E7-872F-46BC-A7B5-3317D9B93E74}.Release|x86.Build.0 = Release|Win32
		{FB33C1E7-872F-46BC-A7B5-3317D9B93E74}.Release|x64.ActiveCfg = Release|Win32
		{404150B6-9A3A-449E-A410-5D64FF3B85D3}.Debug|ARM.ActiveCfg = Debug|ARM
		{404150B6-9A3A-449E-A410-5D64FF3B85D3}.Debug|ARM.Build.0 = Debug|ARM
		{404150B6-9A3A-449E-A410-5D64FF3B85D3}.Debug|x86.ActiveCfg = Debug|Win32
		{404150B6-9A3A-449E-A410-5D64FF3B85D3}.Debug|x86.Build.0 = Debug|Win32
		{404150B6-9A3A-449E-A410-5D64FF3B85D3}.Debug|x64.ActiveCfg = Debug|x64
		{404150B6-9A3A-449E-A410-5D64FF3B85D3}.Debug|x64.Build.0 = Debug|x64
		{404150B6-9A3A-449E-A410-5D64FF3B85D3}.Release|ARM.ActiveCfg = Release|ARM
		{404150B6-9A3A-449E-A410-5D64FF3B85D3}.Release|ARM.Build.0 = Release|ARM
		{404150B6-9A3A-449E-A410-5D64FF3B85D3}.Release|x86.ActiveCfg = Release|Win32
		{404150B6-9A3A-449E-A410-5D64FF3B85D3}.Release|x86.Build.0 = Release|Win32
		{404150B6-9A3A-449E-A410-5D64FF3B85D3}.Release|x64.ActiveCfg = Release|x64
		{404150B6-9A3A-449E-A410-5D64FF3B85D3}.Release|x64.Build.0 = Release|x64
		{1A1821C0-5072-48D7-93AD-2ECDCD267F4D}.Debug|ARM.ActiveCfg = Debug|ARM
		{1A1821C0-5072-48D7-93AD-2ECDCD267F4D}.Debug|ARM.Build.0 = Debug|ARM
		{1A1821C0-5072-48D7-93AD-2ECDCD267F4D}.Debug|x86.ActiveCfg = Debug|Win32
		{1A1821C0-5072-48D7-93AD-2ECDCD267F4D}.Debug|x86.Build.0 = Debug|Win32
		{1A1821C0-5072-48D7-93AD-2ECDCD267F4D}.Debug|x64.ActiveCfg = Debug|Win32
		{1A1821C0-5072-48D7-93AD-2ECDCD267F4D}.Release|ARM.ActiveCfg = Release|ARM
		{1A1821C0-5072-48D7-93AD-2ECDCD267F4D}.Release|ARM.Build.0 = Release|ARM
		{1A1821C0-5072-48D7-93AD-2ECDCD267F4D}.Release|x86.ActiveCfg = Release|Win32
		{1A1821C0-5072-48D7-93AD-2ECDCD267F4D}.Release|x86.Build.0 = Release|Win32
		{1A1821C0-5072-48D7-93AD-2ECDCD267F4D}.Release|x64.ActiveCfg = Release|Win32
		{371B4E0D-44EC-4781-8350-55471E26C599}.Debug|ARM.ActiveCfg = Debug|ARM
		{371B4E0D-44EC-4781-8350-55471E26C599}.Debug|ARM.Build.0 = Debug|ARM
		{371B4E0D-44EC-4781-8350-55471E26C599}.Debug|x86.ActiveCfg = Debug|Win32
		{371B4E0D-44EC-4781-8350-55471E26C599}.Debug|x86.Build.0 = Debug|Win32
		{371B4E0D-44EC-4781-8350-55471E26C599}.Debug|x64.ActiveCfg = Debug|x64
		{371B4E0D-44EC-4781-8350-55471E26C599}.Debug|x64.Build.0 = Debug|x64
		{371B4E0D-44EC-4781-8350-55471E26C599}.Release|ARM.ActiveCfg = Release|ARM
		{371B4E0D-44EC-4781-8350-55471E26C599}.Release|ARM.Build.0 = Release|ARM
		{371B4E0D-44EC-4781-8350-55471E26C599}.Release|x86.ActiveCfg = Release|Win32
		{371B4E0D-44EC-4781-8350-55471E26C599}.Release|x86.Build.0 = Release|Win32
		{371B4E0D-44EC-4781-8350-55471E26C599}.Release|x64.ActiveCfg = Release|x64
		{371B4E0D-44EC-4781-8350-55471E26C599}.Release|x64.Build.0 = Release|x64
		{6C77118B-C47C-461B-8D53-AB673C312DAC}.Debug|ARM.ActiveCfg = Debug|ARM
		{6C77118B-C47C-461B-8D53-AB673C312DAC}.Debug|ARM.Build.0 = Debug|ARM
		{6C77118B-C47C-461B-8D53-AB673C312DAC}.Debug|x86.ActiveCfg = Debug|Win32
		{6C77118B-C47C-461B-8D53-AB673C312DAC}.Debug|x86.Build.0 = Debug|Win32
		{6C77118B-C47C-461B-8D53-AB673C312DAC}.Debug|x64.ActiveCfg = Debug|Win32
		{6C77118B-C47C-461B-8D53-AB673C312DAC}.Release|ARM.ActiveCfg = Release|ARM
		{6C77118B-C47C-461B-8D53-AB673C312DAC}.Release|ARM.Build.0 = Release|ARM
		{6C77118B-C47C-461B-8D53-AB673C312DAC}.Release|x86.ActiveCfg = Release|Win32
		{6C77118B-C47C-461B-8D53-AB673C312DAC}.Release|x86.Build.0 = Release|Win32
		{6C77118B-C47C-461B-8D53-AB673C312DAC}.Release|x64.ActiveCfg = Release|Win32
		{8D81CB54-AB9E-4675-9321-06DE84BB47F7}.Debug|ARM.ActiveCfg = Debug|ARM
		{8D81CB54-AB9E-4675-9321-06DE84BB47F7}.Debug|ARM.Build.0 = Debug|ARM
		{8D81CB54-AB9E-4675-9321-06DE84BB47F7}.Debug|x86.ActiveCfg = Debug|Win32
		{8D81CB54-AB9E-4675-9321-06DE84BB47F7}.Debug|x86.Build.0 = Debug|Win32
		{8D81CB54-AB9E-4675-9321-06DE84BB47F7}.Debug|x64.ActiveCfg = Debug|x64
		{8D81CB54-AB9E-4675-9321-06DE84BB47F7}.Debug|x64.Build.0 = Debug|x64
		{8D81CB54-AB9E-4675-9321-06DE84BB47F7}.Release|ARM.ActiveCfg = Release|ARM
		{8D81CB54-AB9E-4675-9321-06DE84BB47F7}.Release|ARM.Build.0 = Release|ARM
		{8D81CB54-AB9E-4675-9321-06DE84BB47F7}.Release|x86.ActiveCfg = Release|Win32
		{8D81CB54-AB9E-4675-9321-06DE84BB47F7}.Release|x86.Build.0 = Release|Win32
		{8D81CB54-AB9E-4675-9321-06DE84BB47F7}.Release|x64.ActiveCfg = Release|x64
		{8D81CB54-AB9E-4675-9321-06DE84BB47F7}.Release|x64.Build.0 = Release|x64
		{F0C38DC9-A02D-4CF1-9E0E-3E8AE64E589A}.Debug|ARM.ActiveCfg = Debug|ARM
		{F0C38DC9-A02D-4CF1-9E0E-3E8AE64E589A}.Debug|ARM.Build.0 = Debug|ARM
		{F0C38DC9-A02D-4CF1-9E0E-3E8AE64E589A}.Debug|x86.ActiveCfg = Debug|Win32
		{F0C38DC9-A02D-4CF1-9E0E-3E8AE64E589A}.Debug|x86.Build.0 = Debug|Win32
		{F0C38DC9-A02D-4CF1-9E0E-3E8AE64E589A}.Debug|x64.ActiveCfg = Debug|Win32
		{F0C38DC9-A02D-4CF1-9E0E-3E8AE64E589A}.Release|ARM.ActiveCfg = Release|ARM
		{F0C38DC9-A02D-4CF1-9E0E-3E8AE64E589A}.Release|ARM.Build.0 = Release|ARM
		{F0C38DC9-A02D-4CF1-9E0E-3E8AE64E589A}.Release|x86.ActiveCfg = Release|Win32
		{F0C38DC9-A02D-4CF1-9E0E-3E8AE64E589A}.Release|x86.Build.0 = Release|Win32
		{F0C38DC9-A02D-4CF1-9E0E-3E8AE64E589A}.Release|x64.ActiveCfg = Release|Win32
		{927C14C4-15FF-4939-B03C-3176A684EE09}.Debug|ARM.ActiveCfg = Debug|ARM
		{927C14C4-15FF-4939-B03C-3176A684EE09}.Debug|ARM.Build.0 = Debug|ARM
		{927C14C4-15FF-4939-B03C-3176A684EE09}.Debug|x86.ActiveCfg = Debug|Win32
		{927C14C4-15FF-4939-B03C-3176A684EE09}.Debug|x86.Build.0 = Debug|Win32
		{927C14C4-15FF-4939-B03C-3176A684EE09}.Debug|x64.ActiveCfg = Debug|x64
		{927C14C4-15FF-4939-B03C-3176A684EE09}.Debug|x64.Build.0 = Debug|x64
		{927C14C4-15FF-4939-B03C-3176A684EE09}.Release|ARM.ActiveCfg = Release|ARM
		{927C14C4-15FF-4939-B03C-3176A684EE09}.Release|ARM.Build.0 = Release|ARM
		{927C14C4-15FF-4939-B03C-3176A684EE09}.Release|x86.ActiveCfg = Release|Win32
		{927C14C4-15FF-4939-B03C-3176A684EE09}.Release|x86.Build.0 = Release|Win32
		{927C14C4-15FF-4939-B03C-3176A684EE09}.Release|x64.ActiveCfg = Release|x64
		{927C14C4-15FF-4939-B03C-3176A684EE09}.Release|x64.Build.0 = Release|x64
		{12C720A6-7590-4DA1-9666-0ADF59555E03}.Debug|ARM.ActiveCfg = Debug|ARM
		{12C720A6-7590-4DA1-9666-0ADF59555E03}.Debug|ARM.Build.0 = Debug|ARM
		{12C720A6-7590-4DA1-9666-0ADF59555E03}.Debug|x86.ActiveCfg = Debug|Win32
		{12C720A6-7590-4DA1-9666-0ADF59555E03}.Debug|x86.Build.0 = Debug|Win32
		{12C720A6-7590-4DA1-9666-0ADF59555E03}.Debug|x64.ActiveCfg = Debug|Win32
		{12C720A6-7590-4DA1-9666-0ADF59555E03}.Release|ARM.ActiveCfg = Release|ARM
		{12C720A6-7590-4DA1-9666-0ADF59555E03}.Release|ARM.Build.0 = Release|ARM
		{12C720A6-7590-4DA1-9666-0ADF59555E03}.Release|x86.ActiveCfg = Release|Win32
		{12C720A6-7590-4DA1-9666-0ADF59555E03}.Release|x86.Build.0 = Release|Win32
		{12C720A6-7590-4DA1-9666-0ADF59555E03}.Release|x64.ActiveCfg = Release|Win32
		{2D83279C-3BB2-43EC-8503-8E62FB1F3A99}.Debug|ARM.ActiveCfg = Debug|Win32
		{2D83279C-3BB2-43EC-8503-8E62FB1F3A99}.Debug|x86.ActiveCfg = Debug|Win32
		{2D83279C-3BB2-43EC-8503-8E62FB1F3A99}.Debug|x86.Build.0 = Debug|Win32
		{2D83279C-3BB2-43EC-8503-8E62FB1F3A99}.Debug|x64.ActiveCfg = Debug|Win32
		{2D83279C-3BB2-43EC-8503-8E62FB1F3A99}.Release|ARM.ActiveCfg = Release|Win32
		{2D83279C-3BB2-43EC-8503-8E62FB1F3A99}.Release|x86.ActiveCfg = Release|Win32
		{2D83279C-3BB2-43EC-8503-8E62FB1F3A99}.Release|x86.Build.0 = Release|Win32
		{2D83279C-3BB2-43EC-8503-8E62FB1F3A99}.Release|x64.ActiveCfg = Release|Win32
		{B7708226-C65A-442A-B937-2FC31A923B5A}.Debug|ARM.ActiveCfg = Debug|Win32
		{B7708226-C65A-442A-B937-2FC31A923B5A}.Debug|x86.ActiveCfg = Debug|Win32
		{B7708226-C65A-442A-B937-2FC31A923B5A}.Debug|x86.Build.0 = Debug|Win32
		{B7708226-C65A-442A-B937-2FC31A923B5A}.Debug|x64.ActiveCfg = Debug|Win32
		{B7708226-C65A-442A-B937-2FC31A923B5A}.Release|ARM.ActiveCfg = Release|Win32
		{B7708226-C65A-442A-B937-2FC31A923B5A}.Release|x86.ActiveCfg = Release|Win32
		{B7708226-C65A-442A-B937-2FC31A923B5A}.Release|x86.Build.0 = Release|Win32
		{B7708226-C65A-442A-B937-2FC31A923B5A}.Release|x64.ActiveCfg = Release|Win32
		{891804B9-2F50-4A9A-B8B0-F2AF397D4AE8}.Debug|ARM.ActiveCfg = Debug|Win32
		{891804B9-2F50-4A9A-B8B0-F2AF397D4AE8}.Debug|x86.ActiveCfg = Debug|Win32
		{891804B9-2F50-4A9A-B8B0-F2AF397D4AE8}.Debug|x86.Build.0 = Debug|Win32
		{891804B9-2F50-4A9A-B8B0-F2AF397D4AE8}.Debug|x64.ActiveCfg = Debug|Win32
		{891804B9-2F50-4A9A-B8B0-F2AF397D4AE8}.Release|ARM.ActiveCfg = Release|Win32
		{891804B9-2F50-4A9A-B8B0-F2AF397D4AE8}.Release|x86.ActiveCfg = Release|Win32
		{891804B9-2F50-4A9A-B8B0-F2AF397D4AE8}.Release|x86.Build.0 = Release|Win32
		{891804B9-2F50-4A9A-B8B0-F2AF397D4AE8}.Release|x64.ActiveCfg = Release|Win32
		{67810348-F9AF-45F1-892A-945299564494}.Debug|ARM.ActiveCfg = Debug|Win32
		{67810348-F9AF-45F1-892A-945299564494}.Debug|x86.ActiveCfg = Debug|Win32
		{67810348-F9AF-45F1-892A-945299564494}.Debug|x86.Build.0 = Debug|Win32
		{67810348-F9AF-45F1-892A-945299564494}.Debug|x64.ActiveCfg = Debug|Win32
		{67810348-F9AF-45F1-892A-945299564494}.Release|ARM.ActiveCfg = Release|Win32
		{67810348-F9AF-45F1-892A-945299564494}.Release|x86.ActiveCfg = Release|Win32
		{67810348-F9AF-45F1-892A-945299564494}.Release|x86.Build.0 = Release|Win32
		{67810348-F9AF-45F1-892A-945299564494}.Release|x64.ActiveCfg = Release|Win32
		{B39BE607-B19B-4D04-BF3E-E08AFF32F6A7}.Debug|ARM.ActiveCfg = Debug|Win32
		{B39BE607-B19B-4D04-BF3E-E08AFF32F6A7}.Debug|x86.ActiveCfg = Debug|Win32
		{B39BE607-B19B-4D04-BF3E-E08AFF32F6A7}.Debug|x86.Build.0 = Debug|Win32
		{B39BE607-B19B-4D04-BF3E-E08AFF32F6A7}.Debug|x64.ActiveCfg = Debug|Win32
		{B39BE607-B19B-4D04-BF3E-E08AFF32F6A7}.Release|ARM.ActiveCfg = Release|Win32
		{B39BE607-B19B-4D04-BF3E-E08AFF32F6A7}.Release|x86.ActiveCfg = Release|Win32
		{B39BE607-B19B-4D04-BF3E-E08AFF32F6A7}.Release|x86.Build.0 = Release|Win32
		{B39BE607-B19B-4D04-BF3E-E08AFF32F6A7}.Release|x64.ActiveCfg = Release|Win32
	EndGlobalSection
	GlobalSection(SolutionProperties) = preSolution
		HideSolutionNode = FALSE
	EndGlobalSection
	GlobalSection(NestedProjects) = preSolution
		{536118D9-2E17-4167-888D-93F547C7A6CC} = {F8AC52D1-E5E8-440C-A0F2-B2612988F8A9}
		{093733B8-464D-407E-A941-AF33AC8406BE} = {536118D9-2E17-4167-888D-93F547C7A6CC}
		{A9B9DD1D-5628-4C46-996C-0E3FDE97A3A4} = {536118D9-2E17-4167-888D-93F547C7A6CC}
		{9130683D-7A7D-44B7-8A12-B446EA5F05AA} = {536118D9-2E17-4167-888D-93F547C7A6CC}
		{9B751D95-0F4D-4F80-83B1-494AF2D68C36} = {F8AC52D1-E5E8-440C-A0F2-B2612988F8A9}
		{F1079A95-C042-429F-AD7B-97A91EC8BE65} = {0600FC55-B804-4376-A6AE-2227E2F8D4C1}
		{13D48622-327D-455F-AB40-CCD9B85D50E5} = {0600FC55-B804-4376-A6AE-2227E2F8D4C1}
		{ABB4BCB5-19FF-4D89-AE67-0C4EB952EF22} = {0600FC55-B804-4376-A6AE-2227E2F8D4C1}
		{5B969656-EA9B-4479-9DCC-4B47BAB474A1} = {E06CE943-2079-42A6-ACB0-6DA84138033D}
		{5F555A02-E82F-415E-8043-D7209194BE92} = {E06CE943-2079-42A6-ACB0-6DA84138033D}
		{32326BD5-23D8-4993-A79F-46A819BCC794} = {E06CE943-2079-42A6-ACB0-6DA84138033D}
		{7E0215A1-1E2D-414F-A8E9-CA3C7118A192} = {E0205808-386B-4E6E-9929-60183ACFAE87}
		{8BE11E1A-2BCC-4764-9A72-BD80012974C3} = {E0205808-386B-4E6E-9929-60183ACFAE87}
		{FB33C1E7-872F-46BC-A7B5-3317D9B93E74} = {E0205808-386B-4E6E-9929-60183ACFAE87}
		{5589AEDB-6143-4B48-A7A3-1DD0C73E5723} = {DC0F91E4-90EA-45E3-8EEC-08D37215941C}
		{404150B6-9A3A-449E-A410-5D64FF3B85D3} = {DC0F91E4-90EA-45E3-8EEC-08D37215941C}
		{1A1821C0-5072-48D7-93AD-2ECDCD267F4D} = {DC0F91E4-90EA-45E3-8EEC-08D37215941C}
		{54F23214-4129-4EB9-9EC7-66DC7221CA6C} = {033D937C-4A8C-4EB9-8E7F-70F33E1D7A73}
		{371B4E0D-44EC-4781-8350-55471E26C599} = {033D937C-4A8C-4EB9-8E7F-70F33E1D7A73}
		{6C77118B-C47C-461B-8D53-AB673C312DAC} = {033D937C-4A8C-4EB9-8E7F-70F33E1D7A73}
		{17FA6670-7FEB-4ABF-A408-ABA3C7BD604D} = {6AFF07B3-47F4-4202-95CE-EDC981DB3DA9}
		{8D81CB54-AB9E-4675-9321-06DE84BB47F7} = {6AFF07B3-47F4-4202-95CE-EDC981DB3DA9}
		{F0C38DC9-A02D-4CF1-9E0E-3E8AE64E589A} = {6AFF07B3-47F4-4202-95CE-EDC981DB3DA9}
		{B23E3639-D675-49B2-85B1-FAE680012B71} = {CA6A1153-0F10-41D7-B18F-942A59E00505}
		{927C14C4-15FF-4939-B03C-3176A684EE09} = {CA6A1153-0F10-41D7-B18F-942A59E00505}
		{12C720A6-7590-4DA1-9666-0ADF59555E03} = {CA6A1153-0F10-41D7-B18F-942A59E00505}
		{2D83279C-3BB2-43EC-8503-8E62FB1F3A99} = {0600FC55-B804-4376-A6AE-2227E2F8D4C1}
		{B7708226-C65A-442A-B937-2FC31A923B5A} = {CA6A1153-0F10-41D7-B18F-942A59E00505}
		{891804B9-2F50-4A9A-B8B0-F2AF397D4AE8} = {E06CE943-2079-42A6-ACB0-6DA84138033D}
		{67810348-F9AF-45F1-892A-945299564494} = {E0205808-386B-4E6E-9929-60183ACFAE87}
		{B39BE607-B19B-4D04-BF3E-E08AFF32F6A7} = {DC0F91E4-90EA-45E3-8EEC-08D37215941C}
	EndGlobalSection
EndGlobal
