<?xml version="1.0" encoding="utf-8"?>
<Project ToolsVersion="12.0" xmlns="http://schemas.microsoft.com/developer/msbuild/2003">
  <ItemGroup>
    <ClInclude Include="$(MSBuildThisFileDirectory)pch.h" />
    <ClInclude Include="$(MSBuildThisFileDirectory)Core.h" />
    <ClInclude Include="$(MSBuildThisFileDirectory)Playlist.h" />
    <ClInclude Include="$(MSBuildThisFileDirectory)MediaExtensionActivate.h" />
    <ClInclude Include="$(MSBuildThisFileDirectory)MediaExtensionInstaller.h" />
    <ClInclude Include="$(MSBuildThisFileDirectory)MediaInfo.h" />
    <ClInclude Include="$(MSBuildThisFileDirectory)MediaInfoWrapper.h" />
  </ItemGroup>
  <ItemGroup>
    <ClCompile Include="$(MSBuildThisFileDirectory)pch.cpp" />
    <ClCompile Include="$(MSBuildThisFileDirectory)Core.cpp" />
    <ClCompile Include="$(MSBuildThisFileDirectory)Playlist.cpp" />
    <ClCompile Include="$(MSBuildThisFileDirectory)MediaExtensionActivate.cpp" />
    <ClCompile Include="$(MSBuildThisFileDirectory)MediaExtensionInstaller.cpp" />
    <ClCompile Include="$(MSBuildThisFileDirectory)MediaExtensionCallback.cpp" />
    <ClCompile Include="$(MSBuildThisFileDirectory)MediaInfo.cpp" />
    <ClCompile Include="$(MSBuildThisFileDirectory)MediaInfoWrapper.cpp" />
  </ItemGroup>
</Project>