<?xml version="1.0" encoding="utf-8"?>
<Project ToolsVersion="12.0" xmlns="http://schemas.microsoft.com/developer/msbuild/2003">
  <ItemGroup>
    <Filter Include="FLV">
      <UniqueIdentifier>{9d2113b8-5622-4cd7-98a1-0e8e563a194c}</UniqueIdentifier>
    </Filter>
    <Filter Include="MKV">
      <UniqueIdentifier>{de7fef4f-c054-483c-997b-252ff0446dd4}</UniqueIdentifier>
    </Filter>
    <Filter Include="MP4">
      <UniqueIdentifier>{9cafadb4-b606-44f8-ab3d-f262d111cdf5}</UniqueIdentifier>
    </Filter>
    <Filter Include="FLV\Parser">
      <UniqueIdentifier>{ff6f07dc-1da2-4314-859e-29d927dbba2a}</UniqueIdentifier>
    </Filter>
    <Filter Include="MKV\Parser">
      <UniqueIdentifier>{08ff71b7-51bc-4b7e-aeda-7fd4b4f7236c}</UniqueIdentifier>
    </Filter>
    <Filter Include="MKV\Parser\Duration">
      <UniqueIdentifier>{d785da76-18a2-40bd-b352-e4420f726b17}</UniqueIdentifier>
    </Filter>
    <Filter Include="MKV\Parser\Internal">
      <UniqueIdentifier>{a5f1276f-f593-45ce-9c43-276d5516898a}</UniqueIdentifier>
    </Filter>
    <Filter Include="MP4\Core">
      <UniqueIdentifier>{c83db11e-c5ea-4bca-9516-44ba93a472de}</UniqueIdentifier>
    </Filter>
    <Filter Include="MP4\Core\Internal">
      <UniqueIdentifier>{e6a76610-db29-41b2-95eb-1477683ee539}</UniqueIdentifier>
    </Filter>
  </ItemGroup>
  <ItemGroup>
    <ClInclude Include="$(MSBuildThisFileDirectory)FLV\Parser\FLVBoxSpec.h">
      <Filter>FLV\Parser</Filter>
    </ClInclude>
    <ClInclude Include="$(MSBuildThisFileDirectory)FLV\Parser\FLVMetaSpec.h">
      <Filter>FLV\Parser</Filter>
    </ClInclude>
    <ClInclude Include="$(MSBuildThisFileDirectory)FLV\Parser\FLVParser.h">
      <Filter>FLV\Parser</Filter>
    </ClInclude>
    <ClInclude Include="$(MSBuildThisFileDirectory)FLV\Parser\FLVParserErrSpec.h">
      <Filter>FLV\Parser</Filter>
    </ClInclude>
    <ClInclude Include="$(MSBuildThisFileDirectory)FLV\Parser\FLVParserIO.h">
      <Filter>FLV\Parser</Filter>
    </ClInclude>
    <ClInclude Include="$(MSBuildThisFileDirectory)FLV\Parser\FLVSpec.h">
      <Filter>FLV\Parser</Filter>
    </ClInclude>
    <ClInclude Include="$(MSBuildThisFileDirectory)FLV\FLVMediaFormat.h">
      <Filter>FLV</Filter>
    </ClInclude>
    <ClInclude Include="$(MSBuildThisFileDirectory)FLV\FLVMediaStream.h">
      <Filter>FLV</Filter>
    </ClInclude>
    <ClInclude Include="$(MSBuildThisFileDirectory)MKV\Parser\Duration\AlacCalcEngine.h">
      <Filter>MKV\Parser\Duration</Filter>
    </ClInclude>
    <ClInclude Include="$(MSBuildThisFileDirectory)MKV\Parser\Duration\DurationCalcInterface.h">
      <Filter>MKV\Parser\Duration</Filter>
    </ClInclude>
    <ClInclude Include="$(MSBuildThisFileDirectory)MKV\Parser\Duration\FlacCalcEngine.h">
      <Filter>MKV\Parser\Duration</Filter>
    </ClInclude>
    <ClInclude Include="$(MSBuildThisFileDirectory)MKV\Parser\Duration\OpusCalcEngine.h">
      <Filter>MKV\Parser\Duration</Filter>
    </ClInclude>
    <ClInclude Include="$(MSBuildThisFileDirectory)MKV\Parser\Duration\OpusHelp.h">
      <Filter>MKV\Parser\Duration</Filter>
    </ClInclude>
    <ClInclude Include="$(MSBuildThisFileDirectory)MKV\Parser\Duration\PcmCalcEngine.h">
      <Filter>MKV\Parser\Duration</Filter>
    </ClInclude>
    <ClInclude Include="$(MSBuildThisFileDirectory)MKV\Parser\Internal\MatroskaCodecIds.h">
      <Filter>MKV\Parser\Internal</Filter>
    </ClInclude>
    <ClInclude Include="$(MSBuildThisFileDirectory)MKV\Parser\Internal\MatroskaDataSource.h">
      <Filter>MKV\Parser\Internal</Filter>
    </ClInclude>
    <ClInclude Include="$(MSBuildThisFileDirectory)MKV\Parser\Internal\MatroskaEbml.h">
      <Filter>MKV\Parser\Internal</Filter>
    </ClInclude>
    <ClInclude Include="$(MSBuildThisFileDirectory)MKV\Parser\Internal\MatroskaEbmlCore.h">
      <Filter>MKV\Parser\Internal</Filter>
    </ClInclude>
    <ClInclude Include="$(MSBuildThisFileDirectory)MKV\Parser\Internal\MatroskaEbmlDoc.h">
      <Filter>MKV\Parser\Internal</Filter>
    </ClInclude>
    <ClInclude Include="$(MSBuildThisFileDirectory)MKV\Parser\Internal\MatroskaInternal.h">
      <Filter>MKV\Parser\Internal</Filter>
    </ClInclude>
    <ClInclude Include="$(MSBuildThisFileDirectory)MKV\Parser\Internal\MatroskaInternalAttachmentContext.h">
      <Filter>MKV\Parser\Internal</Filter>
    </ClInclude>
    <ClInclude Include="$(MSBuildThisFileDirectory)MKV\Parser\Internal\MatroskaInternalAttachments.h">
      <Filter>MKV\Parser\Internal</Filter>
    </ClInclude>
    <ClInclude Include="$(MSBuildThisFileDirectory)MKV\Parser\Internal\MatroskaInternalChapterContext.h">
      <Filter>MKV\Parser\Internal</Filter>
    </ClInclude>
    <ClInclude Include="$(MSBuildThisFileDirectory)MKV\Parser\Internal\MatroskaInternalChapters.h">
      <Filter>MKV\Parser\Internal</Filter>
    </ClInclude>
    <ClInclude Include="$(MSBuildThisFileDirectory)MKV\Parser\Internal\MatroskaInternalCluster.h">
      <Filter>MKV\Parser\Internal</Filter>
    </ClInclude>
    <ClInclude Include="$(MSBuildThisFileDirectory)MKV\Parser\Internal\MatroskaInternalCueContext.h">
      <Filter>MKV\Parser\Internal</Filter>
    </ClInclude>
    <ClInclude Include="$(MSBuildThisFileDirectory)MKV\Parser\Internal\MatroskaInternalCues.h">
      <Filter>MKV\Parser\Internal</Filter>
    </ClInclude>
    <ClInclude Include="$(MSBuildThisFileDirectory)MKV\Parser\Internal\MatroskaInternalError.h">
      <Filter>MKV\Parser\Internal</Filter>
    </ClInclude>
    <ClInclude Include="$(MSBuildThisFileDirectory)MKV\Parser\Internal\MatroskaInternalSeekHead.h">
      <Filter>MKV\Parser\Internal</Filter>
    </ClInclude>
    <ClInclude Include="$(MSBuildThisFileDirectory)MKV\Parser\Internal\MatroskaInternalSeekHeadContext.h">
      <Filter>MKV\Parser\Internal</Filter>
    </ClInclude>
    <ClInclude Include="$(MSBuildThisFileDirectory)MKV\Parser\Internal\MatroskaInternalSegmentInfo.h">
      <Filter>MKV\Parser\Internal</Filter>
    </ClInclude>
    <ClInclude Include="$(MSBuildThisFileDirectory)MKV\Parser\Internal\MatroskaInternalTagContext.h">
      <Filter>MKV\Parser\Internal</Filter>
    </ClInclude>
    <ClInclude Include="$(MSBuildThisFileDirectory)MKV\Parser\Internal\MatroskaInternalTags.h">
      <Filter>MKV\Parser\Internal</Filter>
    </ClInclude>
    <ClInclude Include="$(MSBuildThisFileDirectory)MKV\Parser\Internal\MatroskaInternalTrackContext.h">
      <Filter>MKV\Parser\Internal</Filter>
    </ClInclude>
    <ClInclude Include="$(MSBuildThisFileDirectory)MKV\Parser\Internal\MatroskaInternalTracks.h">
      <Filter>MKV\Parser\Internal</Filter>
    </ClInclude>
    <ClInclude Include="$(MSBuildThisFileDirectory)MKV\Parser\Internal\MatroskaList.h">
      <Filter>MKV\Parser\Internal</Filter>
    </ClInclude>
    <ClInclude Include="$(MSBuildThisFileDirectory)MKV\Parser\Internal\MatroskaMisc.h">
      <Filter>MKV\Parser\Internal</Filter>
    </ClInclude>
    <ClInclude Include="$(MSBuildThisFileDirectory)MKV\Parser\Internal\MatroskaSpec.h">
      <Filter>MKV\Parser\Internal</Filter>
    </ClInclude>
    <ClInclude Include="$(MSBuildThisFileDirectory)MKV\Parser\MKVParser.h">
      <Filter>MKV\Parser</Filter>
    </ClInclude>
    <ClInclude Include="$(MSBuildThisFileDirectory)MKV\Parser\MKVParserErrSpec.h">
      <Filter>MKV\Parser</Filter>
    </ClInclude>
    <ClInclude Include="$(MSBuildThisFileDirectory)MKV\Parser\MKVParserIO.h">
      <Filter>MKV\Parser</Filter>
    </ClInclude>
    <ClInclude Include="$(MSBuildThisFileDirectory)MKV\Parser\TTA1Help.h">
      <Filter>MKV\Parser</Filter>
    </ClInclude>
    <ClInclude Include="$(MSBuildThisFileDirectory)MKV\Parser\WV4Help.h">
      <Filter>MKV\Parser</Filter>
    </ClInclude>
    <ClInclude Include="$(MSBuildThisFileDirectory)MKV\MKVMediaFormat.h">
      <Filter>MKV</Filter>
    </ClInclude>
    <ClInclude Include="$(MSBuildThisFileDirectory)MKV\MKVMediaStream.h">
      <Filter>MKV</Filter>
    </ClInclude>
    <ClInclude Include="$(MSBuildThisFileDirectory)MKV\RealCook.h">
      <Filter>MKV</Filter>
    </ClInclude>
    <ClInclude Include="$(MSBuildThisFileDirectory)MKV\VFWHelp.h">
      <Filter>MKV</Filter>
    </ClInclude>
    <ClInclude Include="$(MSBuildThisFileDirectory)MP4\Core\Internal\GlobalPrehead.h">
      <Filter>MP4\Core\Internal</Filter>
    </ClInclude>
    <ClInclude Include="$(MSBuildThisFileDirectory)MP4\Core\Internal\IsomCodec.h">
      <Filter>MP4\Core\Internal</Filter>
    </ClInclude>
    <ClInclude Include="$(MSBuildThisFileDirectory)MP4\Core\Internal\IsomError.h">
      <Filter>MP4\Core\Internal</Filter>
    </ClInclude>
    <ClInclude Include="$(MSBuildThisFileDirectory)MP4\Core\Internal\IsomGlobal.h">
      <Filter>MP4\Core\Internal</Filter>
    </ClInclude>
    <ClInclude Include="$(MSBuildThisFileDirectory)MP4\Core\Internal\IsomObject.h">
      <Filter>MP4\Core\Internal</Filter>
    </ClInclude>
    <ClInclude Include="$(MSBuildThisFileDirectory)MP4\Core\Internal\IsomParser.h">
      <Filter>MP4\Core\Internal</Filter>
    </ClInclude>
    <ClInclude Include="$(MSBuildThisFileDirectory)MP4\Core\Internal\IsomStreamSource.h">
      <Filter>MP4\Core\Internal</Filter>
    </ClInclude>
    <ClInclude Include="$(MSBuildThisFileDirectory)MP4\Core\Internal\IsomTypes.h">
      <Filter>MP4\Core\Internal</Filter>
    </ClInclude>
    <ClInclude Include="$(MSBuildThisFileDirectory)MP4\Core\Internal\StructTable.h">
      <Filter>MP4\Core\Internal</Filter>
    </ClInclude>
    <ClInclude Include="$(MSBuildThisFileDirectory)MP4\Core\Aka4Splitter.h">
      <Filter>MP4\Core</Filter>
    </ClInclude>
    <ClInclude Include="$(MSBuildThisFileDirectory)MP4\MP4MediaFormat.h">
      <Filter>MP4</Filter>
    </ClInclude>
    <ClInclude Include="$(MSBuildThisFileDirectory)MP4\MP4MediaStream.h">
      <Filter>MP4</Filter>
    </ClInclude>
  </ItemGroup>
  <ItemGroup>
    <ClCompile Include="$(MSBuildThisFileDirectory)FLV\Parser\FLVParser.cpp">
      <Filter>FLV\Parser</Filter>
    </ClCompile>
    <ClCompile Include="$(MSBuildThisFileDirectory)FLV\Parser\FLVParser_Core.cpp">
      <Filter>FLV\Parser</Filter>
    </ClCompile>
    <ClCompile Include="$(MSBuildThisFileDirectory)FLV\Parser\FLVParser_Misc.cpp">
      <Filter>FLV\Parser</Filter>
    </ClCompile>
    <ClCompile Include="$(MSBuildThisFileDirectory)FLV\FLVDemuxer.cpp">
      <Filter>FLV</Filter>
    </ClCompile>
    <ClCompile Include="$(MSBuildThisFileDirectory)FLV\FLVMediaFormat.cpp">
      <Filter>FLV</Filter>
    </ClCompile>
    <ClCompile Include="$(MSBuildThisFileDirectory)FLV\FLVMediaFormat_AVIO.cpp">
      <Filter>FLV</Filter>
    </ClCompile>
    <ClCompile Include="$(MSBuildThisFileDirectory)FLV\FLVMediaFormat_MkKeyFrames.cpp">
      <Filter>FLV</Filter>
    </ClCompile>
    <ClCompile Include="$(MSBuildThisFileDirectory)FLV\FLVMediaFormat_MkStreams.cpp">
      <Filter>FLV</Filter>
    </ClCompile>
    <ClCompile Include="$(MSBuildThisFileDirectory)FLV\FLVMediaFormat_Reader.cpp">
      <Filter>FLV</Filter>
    </ClCompile>
    <ClCompile Include="$(MSBuildThisFileDirectory)FLV\FLVMediaStream.cpp">
      <Filter>FLV</Filter>
    </ClCompile>
    <ClCompile Include="$(MSBuildThisFileDirectory)MKV\Parser\Duration\AlacCalcEngine.cpp">
      <Filter>MKV\Parser\Duration</Filter>
    </ClCompile>
    <ClCompile Include="$(MSBuildThisFileDirectory)MKV\Parser\Duration\FlacCalcEngine.cpp">
      <Filter>MKV\Parser\Duration</Filter>
    </ClCompile>
    <ClCompile Include="$(MSBuildThisFileDirectory)MKV\Parser\Duration\OpusCalcEngine.cpp">
      <Filter>MKV\Parser\Duration</Filter>
    </ClCompile>
    <ClCompile Include="$(MSBuildThisFileDirectory)MKV\Parser\Duration\OpusHelp.cpp">
      <Filter>MKV\Parser\Duration</Filter>
    </ClCompile>
    <ClCompile Include="$(MSBuildThisFileDirectory)MKV\Parser\Duration\PcmCalcEngine.cpp">
      <Filter>MKV\Parser\Duration</Filter>
    </ClCompile>
    <ClCompile Include="$(MSBuildThisFileDirectory)MKV\Parser\Internal\MatroskaCodecIds.cpp">
      <Filter>MKV\Parser\Internal</Filter>
    </ClCompile>
    <ClCompile Include="$(MSBuildThisFileDirectory)MKV\Parser\Internal\MatroskaEbml.cpp">
      <Filter>MKV\Parser\Internal</Filter>
    </ClCompile>
    <ClCompile Include="$(MSBuildThisFileDirectory)MKV\Parser\Internal\MatroskaEbmlCore.cpp">
      <Filter>MKV\Parser\Internal</Filter>
    </ClCompile>
    <ClCompile Include="$(MSBuildThisFileDirectory)MKV\Parser\Internal\MatroskaInternal.cpp">
      <Filter>MKV\Parser\Internal</Filter>
    </ClCompile>
    <ClCompile Include="$(MSBuildThisFileDirectory)MKV\Parser\Internal\MatroskaInternalAttachments.cpp">
      <Filter>MKV\Parser\Internal</Filter>
    </ClCompile>
    <ClCompile Include="$(MSBuildThisFileDirectory)MKV\Parser\Internal\MatroskaInternalChapters.cpp">
      <Filter>MKV\Parser\Internal</Filter>
    </ClCompile>
    <ClCompile Include="$(MSBuildThisFileDirectory)MKV\Parser\Internal\MatroskaInternalCluster.cpp">
      <Filter>MKV\Parser\Internal</Filter>
    </ClCompile>
    <ClCompile Include="$(MSBuildThisFileDirectory)MKV\Parser\Internal\MatroskaInternalCues.cpp">
      <Filter>MKV\Parser\Internal</Filter>
    </ClCompile>
    <ClCompile Include="$(MSBuildThisFileDirectory)MKV\Parser\Internal\MatroskaInternalSeekHead.cpp">
      <Filter>MKV\Parser\Internal</Filter>
    </ClCompile>
    <ClCompile Include="$(MSBuildThisFileDirectory)MKV\Parser\Internal\MatroskaInternalSegmentInfo.cpp">
      <Filter>MKV\Parser\Internal</Filter>
    </ClCompile>
    <ClCompile Include="$(MSBuildThisFileDirectory)MKV\Parser\Internal\MatroskaInternalTags.cpp">
      <Filter>MKV\Parser\Internal</Filter>
    </ClCompile>
    <ClCompile Include="$(MSBuildThisFileDirectory)MKV\Parser\Internal\MatroskaInternalTracks.cpp">
      <Filter>MKV\Parser\Internal</Filter>
    </ClCompile>
    <ClCompile Include="$(MSBuildThisFileDirectory)MKV\Parser\MKVParser.cpp">
      <Filter>MKV\Parser</Filter>
    </ClCompile>
    <ClCompile Include="$(MSBuildThisFileDirectory)MKV\Parser\MKVParserCore.cpp">
      <Filter>MKV\Parser</Filter>
    </ClCompile>
    <ClCompile Include="$(MSBuildThisFileDirectory)MKV\Parser\MKVParserDataSource.cpp">
      <Filter>MKV\Parser</Filter>
    </ClCompile>
    <ClCompile Include="$(MSBuildThisFileDirectory)MKV\Parser\MKVParserZLib.cpp">
      <Filter>MKV\Parser</Filter>
    </ClCompile>
    <ClCompile Include="$(MSBuildThisFileDirectory)MKV\Parser\TTA1Help.cpp">
      <Filter>MKV\Parser</Filter>
    </ClCompile>
    <ClCompile Include="$(MSBuildThisFileDirectory)MKV\Parser\WV4Help.cpp">
      <Filter>MKV\Parser</Filter>
    </ClCompile>
    <ClCompile Include="$(MSBuildThisFileDirectory)MKV\MKVDemuxer.cpp">
      <Filter>MKV</Filter>
    </ClCompile>
    <ClCompile Include="$(MSBuildThisFileDirectory)MKV\MKVMediaFormat.cpp">
      <Filter>MKV</Filter>
    </ClCompile>
    <ClCompile Include="$(MSBuildThisFileDirectory)MKV\MKVMediaFormat_AVIO.cpp">
      <Filter>MKV</Filter>
    </ClCompile>
    <ClCompile Include="$(MSBuildThisFileDirectory)MKV\MKVMediaFormat_MkStreams.cpp">
      <Filter>MKV</Filter>
    </ClCompile>
    <ClCompile Include="$(MSBuildThisFileDirectory)MKV\MKVMediaFormat_Reader.cpp">
      <Filter>MKV</Filter>
    </ClCompile>
    <ClCompile Include="$(MSBuildThisFileDirectory)MKV\MKVMediaFormat_Tags.cpp">
      <Filter>MKV</Filter>
    </ClCompile>
    <ClCompile Include="$(MSBuildThisFileDirectory)MKV\MKVMediaStream.cpp">
      <Filter>MKV</Filter>
    </ClCompile>
    <ClCompile Include="$(MSBuildThisFileDirectory)MKV\MKVMediaStream_Audio.cpp">
      <Filter>MKV</Filter>
    </ClCompile>
    <ClCompile Include="$(MSBuildThisFileDirectory)MKV\MKVMediaStream_Subtitle.cpp">
      <Filter>MKV</Filter>
    </ClCompile>
    <ClCompile Include="$(MSBuildThisFileDirectory)MKV\MKVMediaStream_Video.cpp">
      <Filter>MKV</Filter>
    </ClCompile>
    <ClCompile Include="$(MSBuildThisFileDirectory)MKV\VFWHelp.cpp">
      <Filter>MKV</Filter>
    </ClCompile>
    <ClCompile Include="$(MSBuildThisFileDirectory)MP4\Core\Internal\IsomCodec.cpp">
      <Filter>MP4\Core\Internal</Filter>
    </ClCompile>
    <ClCompile Include="$(MSBuildThisFileDirectory)MP4\Core\Internal\IsomParser.cpp">
      <Filter>MP4\Core\Internal</Filter>
    </ClCompile>
    <ClCompile Include="$(MSBuildThisFileDirectory)MP4\Core\Internal\IsomParserCore.cpp">
      <Filter>MP4\Core\Internal</Filter>
    </ClCompile>
    <ClCompile Include="$(MSBuildThisFileDirectory)MP4\Core\Internal\IsomParserMetadata.cpp">
      <Filter>MP4\Core\Internal</Filter>
    </ClCompile>
    <ClCompile Include="$(MSBuildThisFileDirectory)MP4\Core\Internal\IsomParserStream.cpp">
      <Filter>MP4\Core\Internal</Filter>
    </ClCompile>
    <ClCompile Include="$(MSBuildThisFileDirectory)MP4\Core\Aka4Splitter.cpp">
      <Filter>MP4\Core</Filter>
    </ClCompile>
    <ClCompile Include="$(MSBuildThisFileDirectory)MP4\Core\Aka4SplitterMisc.cpp">
      <Filter>MP4\Core</Filter>
    </ClCompile>
    <ClCompile Include="$(MSBuildThisFileDirectory)MP4\MP4Demuxer.cpp">
      <Filter>MP4</Filter>
    </ClCompile>
    <ClCompile Include="$(MSBuildThisFileDirectory)MP4\MP4MediaFormat.cpp">
      <Filter>MP4</Filter>
    </ClCompile>
    <ClCompile Include="$(MSBuildThisFileDirectory)MP4\MP4MediaStream.cpp">
      <Filter>MP4</Filter>
    </ClCompile>
    <ClCompile Include="$(MSBuildThisFileDirectory)MP4\MP4Metadata.cpp">
      <Filter>MP4</Filter>
    </ClCompile>
    <ClCompile Include="$(MSBuildThisFileDirectory)MP4\NaluHelp.cpp">
      <Filter>MP4</Filter>
    </ClCompile>
  </ItemGroup>
</Project>