<?xml version="1.0" encoding="utf-8"?>
<Project ToolsVersion="12.0" xmlns="http://schemas.microsoft.com/developer/msbuild/2003">
  <ItemGroup>
    <Filter Include="Core">
      <UniqueIdentifier>{75acd21d-9e9c-4ad5-a8aa-8567c0592313}</UniqueIdentifier>
    </Filter>
    <Filter Include="Core\downloader">
      <UniqueIdentifier>{ead57b25-ddd0-4f67-ab18-62bbd2950c44}</UniqueIdentifier>
    </Filter>
    <Filter Include="Core\mkv">
      <UniqueIdentifier>{58c9f297-3fda-45d2-977a-1c3d58bedb7f}</UniqueIdentifier>
    </Filter>
    <Filter Include="Core\parser">
      <UniqueIdentifier>{fedfbc37-7533-4494-b19b-27d4fc796689}</UniqueIdentifier>
    </Filter>
  </ItemGroup>
  <ItemGroup>
    <ClCompile Include="$(MSBuildThisFileDirectory)Core\parser\AACParser.cpp">
      <Filter>Core\parser</Filter>
    </ClCompile>
    <ClCompile Include="$(MSBuildThisFileDirectory)Core\parser\AVCParser.cpp">
      <Filter>Core\parser</Filter>
    </ClCompile>
    <ClCompile Include="$(MSBuildThisFileDirectory)Core\parser\BitReader.cpp">
      <Filter>Core\parser</Filter>
    </ClCompile>
    <ClCompile Include="$(MSBuildThisFileDirectory)Core\parser\FLACParser.cpp">
      <Filter>Core\parser</Filter>
    </ClCompile>
    <ClCompile Include="$(MSBuildThisFileDirectory)Core\mkv\AkaMatroska.cpp">
      <Filter>Core\mkv</Filter>
    </ClCompile>
    <ClCompile Include="$(MSBuildThisFileDirectory)Core\mkv\AkaMatroskaEbml.cpp">
      <Filter>Core\mkv</Filter>
    </ClCompile>
    <ClCompile Include="$(MSBuildThisFileDirectory)Core\downloader\TaskManagerBase.cpp">
      <Filter>Core\downloader</Filter>
    </ClCompile>
    <ClCompile Include="$(MSBuildThisFileDirectory)Core\DemuxProxy.cpp">
      <Filter>Core</Filter>
    </ClCompile>
    <ClCompile Include="$(MSBuildThisFileDirectory)Core\MatroskaJoinStream.cpp">
      <Filter>Core</Filter>
    </ClCompile>
    <ClCompile Include="$(MSBuildThisFileDirectory)Core\MatroskaMerge.cpp">
      <Filter>Core</Filter>
    </ClCompile>
    <ClCompile Include="$(MSBuildThisFileDirectory)Core\MemoryBuffer.cpp">
      <Filter>Core</Filter>
    </ClCompile>
    <ClCompile Include="$(MSBuildThisFileDirectory)Core\MemoryStream.cpp">
      <Filter>Core</Filter>
    </ClCompile>
    <ClCompile Include="$(MSBuildThisFileDirectory)Core\MergeManager.cpp">
      <Filter>Core</Filter>
    </ClCompile>
    <ClCompile Include="$(MSBuildThisFileDirectory)Core\RingBlockBuffer.cpp">
      <Filter>Core</Filter>
    </ClCompile>
    <ClCompile Include="$(MSBuildThisFileDirectory)Core\TextReader.cpp">
      <Filter>Core</Filter>
    </ClCompile>
    <ClCompile Include="$(MSBuildThisFileDirectory)Core\WindowsHttpDataSource.cpp">
      <Filter>Core</Filter>
    </ClCompile>
    <ClCompile Include="$(MSBuildThisFileDirectory)Core\WindowsHttpDownloader.cpp">
      <Filter>Core</Filter>
    </ClCompile>
    <ClCompile Include="$(MSBuildThisFileDirectory)Core\WindowsHttpTaskManager.cpp">
      <Filter>Core</Filter>
    </ClCompile>
    <ClCompile Include="$(MSBuildThisFileDirectory)Core\WindowsLocalFile.cpp">
      <Filter>Core</Filter>
    </ClCompile>
    <ClCompile Include="$(MSBuildThisFileDirectory)Core\WindowsTaskManager.cpp">
      <Filter>Core</Filter>
    </ClCompile>
    <ClCompile Include="$(MSBuildThisFileDirectory)MultipartStream.cpp" />
    <ClCompile Include="$(MSBuildThisFileDirectory)pch.cpp" />
    <ClCompile Include="$(MSBuildThisFileDirectory)ThreadImpl.cpp" />
    <ClCompile Include="$(MSBuildThisFileDirectory)UrlHandler.cpp" />
    <ClCompile Include="$(MSBuildThisFileDirectory)main.cpp" />
    <ClCompile Include="$(MSBuildThisFileDirectory)Core\StringArray.cpp">
      <Filter>Core</Filter>
    </ClCompile>
  </ItemGroup>
  <ItemGroup>
    <ClInclude Include="$(MSBuildThisFileDirectory)Core\parser\AACParser.h">
      <Filter>Core\parser</Filter>
    </ClInclude>
    <ClInclude Include="$(MSBuildThisFileDirectory)Core\parser\AVCParser.h">
      <Filter>Core\parser</Filter>
    </ClInclude>
    <ClInclude Include="$(MSBuildThisFileDirectory)Core\parser\BitReader.h">
      <Filter>Core\parser</Filter>
    </ClInclude>
    <ClInclude Include="$(MSBuildThisFileDirectory)Core\parser\FLACParser.h">
      <Filter>Core\parser</Filter>
    </ClInclude>
    <ClInclude Include="$(MSBuildThisFileDirectory)Core\mkv\AkaMatroska.h">
      <Filter>Core\mkv</Filter>
    </ClInclude>
    <ClInclude Include="$(MSBuildThisFileDirectory)Core\mkv\AkaMatroskaConst.h">
      <Filter>Core\mkv</Filter>
    </ClInclude>
    <ClInclude Include="$(MSBuildThisFileDirectory)Core\mkv\AkaMatroskaEbml.h">
      <Filter>Core\mkv</Filter>
    </ClInclude>
    <ClInclude Include="$(MSBuildThisFileDirectory)Core\mkv\AkaMatroskaGlobal.h">
      <Filter>Core\mkv</Filter>
    </ClInclude>
    <ClInclude Include="$(MSBuildThisFileDirectory)Core\mkv\AkaMatroskaIOCallback.h">
      <Filter>Core\mkv</Filter>
    </ClInclude>
    <ClInclude Include="$(MSBuildThisFileDirectory)Core\mkv\AkaMatroskaObject.h">
      <Filter>Core\mkv</Filter>
    </ClInclude>
    <ClInclude Include="$(MSBuildThisFileDirectory)Core\mkv\AkaMatroskaPrehead.h">
      <Filter>Core\mkv</Filter>
    </ClInclude>
    <ClInclude Include="$(MSBuildThisFileDirectory)Core\mkv\AkaMatroskaStructTable.h">
      <Filter>Core\mkv</Filter>
    </ClInclude>
    <ClInclude Include="$(MSBuildThisFileDirectory)Core\downloader\DownloadCore.h">
      <Filter>Core\downloader</Filter>
    </ClInclude>
    <ClInclude Include="$(MSBuildThisFileDirectory)Core\downloader\DownloadTask.h">
      <Filter>Core\downloader</Filter>
    </ClInclude>
    <ClInclude Include="$(MSBuildThisFileDirectory)Core\downloader\TaskManagerBase.h">
      <Filter>Core\downloader</Filter>
    </ClInclude>
    <ClInclude Include="$(MSBuildThisFileDirectory)Core\DemuxProxy.h">
      <Filter>Core</Filter>
    </ClInclude>
    <ClInclude Include="$(MSBuildThisFileDirectory)Core\DsIOCallback.h">
      <Filter>Core</Filter>
    </ClInclude>
    <ClInclude Include="$(MSBuildThisFileDirectory)Core\MatroskaJoinStream.h">
      <Filter>Core</Filter>
    </ClInclude>
    <ClInclude Include="$(MSBuildThisFileDirectory)Core\MatroskaMerge.h">
      <Filter>Core</Filter>
    </ClInclude>
    <ClInclude Include="$(MSBuildThisFileDirectory)Core\MemoryBuffer.h">
      <Filter>Core</Filter>
    </ClInclude>
    <ClInclude Include="$(MSBuildThisFileDirectory)Core\MemoryStream.h">
      <Filter>Core</Filter>
    </ClInclude>
    <ClInclude Include="$(MSBuildThisFileDirectory)Core\MergeManager.h">
      <Filter>Core</Filter>
    </ClInclude>
    <ClInclude Include="$(MSBuildThisFileDirectory)Core\RingBlockBuffer.h">
      <Filter>Core</Filter>
    </ClInclude>
    <ClInclude Include="$(MSBuildThisFileDirectory)Core\TextReader.h">
      <Filter>Core</Filter>
    </ClInclude>
    <ClInclude Include="$(MSBuildThisFileDirectory)Core\WindowsHttpDataSource.h">
      <Filter>Core</Filter>
    </ClInclude>
    <ClInclude Include="$(MSBuildThisFileDirectory)Core\WindowsHttpDownloader.h">
      <Filter>Core</Filter>
    </ClInclude>
    <ClInclude Include="$(MSBuildThisFileDirectory)Core\WindowsHttpTaskManager.h">
      <Filter>Core</Filter>
    </ClInclude>
    <ClInclude Include="$(MSBuildThisFileDirectory)Core\WindowsLocalFile.h">
      <Filter>Core</Filter>
    </ClInclude>
    <ClInclude Include="$(MSBuildThisFileDirectory)Core\WindowsTaskManager.h">
      <Filter>Core</Filter>
    </ClInclude>
    <ClInclude Include="$(MSBuildThisFileDirectory)MultipartStream.h" />
    <ClInclude Include="$(MSBuildThisFileDirectory)pch.h" />
    <ClInclude Include="$(MSBuildThisFileDirectory)ThreadImpl.h" />
    <ClInclude Include="$(MSBuildThisFileDirectory)UrlHandler.h" />
    <ClInclude Include="$(MSBuildThisFileDirectory)Core\StringArray.h">
      <Filter>Core</Filter>
    </ClInclude>
  </ItemGroup>
</Project>